// !$*UTF8*$!
{
	archiveVersion = 1;
	classes = {
	};
	objectVersion = 77;
	objects = {

/* Begin PBXBuildFile section */
		0C787456AE5E4373086A6BEF /* SceneDelegate.swift in Sources */ = {isa = PBXBuildFile; fileRef = 90C3FDA4C4F5BC92DFAC9853 /* SceneDelegate.swift */; };
		2B62E40D0B73F7AFD76CEC49 /* AppDelegate.swift in Sources */ = {isa = PBXBuildFile; fileRef = 4E9340FBEBB1BF48D518957C /* AppDelegate.swift */; };
		3D66E6D587B785A142F3F605 /* AudioCoordinator.swift in Sources */ = {isa = PBXBuildFile; fileRef = 8E86C7CF41EE55D3FD7484F1 /* AudioCoordinator.swift */; };
		48A0C75EAC56A62940821E5D /* JazzSDK in Frameworks */ = {isa = PBXBuildFile; productRef = ED7A8F610C5520E72CB44FBB /* JazzSDK */; };
		71240512C5B1F80F609E956E /* ConferenceCore in Frameworks */ = {isa = PBXBuildFile; productRef = 74C01C2D1C7C3AD3B35F6B19 /* ConferenceCore */; };
		7CEA60F16DAAF70B420A7C3C /* CallControls.swift in Sources */ = {isa = PBXBuildFile; fileRef = 5AFD8775C37B596141588029 /* CallControls.swift */; };
		81E2C2EE9007FFEC0911F394 /* SystemCallCoordinator.swift in Sources */ = {isa = PBXBuildFile; fileRef = 1989320A6B7EC05AA2064FD0 /* SystemCallCoordinator.swift */; };
		949CF72C56151AC803283055 /* JoinView.swift in Sources */ = {isa = PBXBuildFile; fileRef = AE80D56BEB6A06ED78ED6ABD /* JoinView.swift */; };
		A2CB02723C3CE158E5C351B3 /* NativeConferenceEngine.swift in Sources */ = {isa = PBXBuildFile; fileRef = EE69C2566E9C49E767D87B75 /* NativeConferenceEngine.swift */; };
		B61E5615752169C3675B1D86 /* ConferenceModel.swift in Sources */ = {isa = PBXBuildFile; fileRef = 28F4AFFFFACA69F34BEC46CF /* ConferenceModel.swift */; };
		D1D8B19C3B2DF86831C05D00 /* GuestIdentity.swift in Sources */ = {isa = PBXBuildFile; fileRef = B613EF5EA7FD9928F1F4A746 /* GuestIdentity.swift */; };
		D464D8BB47CC1C44422A80AC /* AnonymousTokenProvider.swift in Sources */ = {isa = PBXBuildFile; fileRef = 25D92C9F46D338C0F1F1619E /* AnonymousTokenProvider.swift */; };
		DE7B7065A3301738178F0ECD /* EventRelay.swift in Sources */ = {isa = PBXBuildFile; fileRef = 498E598E293EB104E32C0A24 /* EventRelay.swift */; };
/* End PBXBuildFile section */

/* Begin PBXFileReference section */
		1989320A6B7EC05AA2064FD0 /* SystemCallCoordinator.swift */ = {isa = PBXFileReference; lastKnownFileType = sourcecode.swift; path = SystemCallCoordinator.swift; sourceTree = "<group>"; };
		25D92C9F46D338C0F1F1619E /* AnonymousTokenProvider.swift */ = {isa = PBXFileReference; lastKnownFileType = sourcecode.swift; path = AnonymousTokenProvider.swift; sourceTree = "<group>"; };
		28F4AFFFFACA69F34BEC46CF /* ConferenceModel.swift */ = {isa = PBXFileReference; lastKnownFileType = sourcecode.swift; path = ConferenceModel.swift; sourceTree = "<group>"; };
		498E598E293EB104E32C0A24 /* EventRelay.swift */ = {isa = PBXFileReference; lastKnownFileType = sourcecode.swift; path = EventRelay.swift; sourceTree = "<group>"; };
		4E9340FBEBB1BF48D518957C /* AppDelegate.swift */ = {isa = PBXFileReference; lastKnownFileType = sourcecode.swift; path = AppDelegate.swift; sourceTree = "<group>"; };
		5AFD8775C37B596141588029 /* CallControls.swift */ = {isa = PBXFileReference; lastKnownFileType = sourcecode.swift; path = CallControls.swift; sourceTree = "<group>"; };
		69847E87D0660B5BFBBAE477 /* ConferenceGuest.app */ = {isa = PBXFileReference; includeInIndex = 0; lastKnownFileType = wrapper.application; path = ConferenceGuest.app; sourceTree = BUILT_PRODUCTS_DIR; };
		739C9820EA0F1484055323DF /* Info.plist */ = {isa = PBXFileReference; lastKnownFileType = text.plist; path = Info.plist; sourceTree = "<group>"; };
		8E86C7CF41EE55D3FD7484F1 /* AudioCoordinator.swift */ = {isa = PBXFileReference; lastKnownFileType = sourcecode.swift; path = AudioCoordinator.swift; sourceTree = "<group>"; };
		90C3FDA4C4F5BC92DFAC9853 /* SceneDelegate.swift */ = {isa = PBXFileReference; lastKnownFileType = sourcecode.swift; path = SceneDelegate.swift; sourceTree = "<group>"; };
		AE80D56BEB6A06ED78ED6ABD /* JoinView.swift */ = {isa = PBXFileReference; lastKnownFileType = sourcecode.swift; path = JoinView.swift; sourceTree = "<group>"; };
		B613EF5EA7FD9928F1F4A746 /* GuestIdentity.swift */ = {isa = PBXFileReference; lastKnownFileType = sourcecode.swift; path = GuestIdentity.swift; sourceTree = "<group>"; };
		EE69C2566E9C49E767D87B75 /* NativeConferenceEngine.swift */ = {isa = PBXFileReference; lastKnownFileType = sourcecode.swift; path = NativeConferenceEngine.swift; sourceTree = "<group>"; };
		F2E7090DB37014C2D6C319A2 /* ConferenceCore */ = {isa = PBXFileReference; lastKnownFileType = folder; name = ConferenceCore; path = ConferenceCore; sourceTree = SOURCE_ROOT; };
/* End PBXFileReference section */

/* Begin PBXFrameworksBuildPhase section */
		104C7E370A523B0BC770CDE6 /* Frameworks */ = {
			isa = PBXFrameworksBuildPhase;
			buildActionMask = 2147483647;
			files = (
				48A0C75EAC56A62940821E5D /* JazzSDK in Frameworks */,
				71240512C5B1F80F609E956E /* ConferenceCore in Frameworks */,
			);
			runOnlyForDeploymentPostprocessing = 0;
		};
/* End PBXFrameworksBuildPhase section */

/* Begin PBXGroup section */
		7F66CCAFB4A3CA6120F119C5 /* Packages */ = {
			isa = PBXGroup;
			children = (
				F2E7090DB37014C2D6C319A2 /* ConferenceCore */,
			);
			name = Packages;
			sourceTree = "<group>";
		};
		9C88E85B377E06038D9ACF3A /* ConferenceGuest */ = {
			isa = PBXGroup;
			children = (
				4E9340FBEBB1BF48D518957C /* AppDelegate.swift */,
				8E86C7CF41EE55D3FD7484F1 /* AudioCoordinator.swift */,
				28F4AFFFFACA69F34BEC46CF /* ConferenceModel.swift */,
				739C9820EA0F1484055323DF /* Info.plist */,
				AE80D56BEB6A06ED78ED6ABD /* JoinView.swift */,
				90C3FDA4C4F5BC92DFAC9853 /* SceneDelegate.swift */,
				1989320A6B7EC05AA2064FD0 /* SystemCallCoordinator.swift */,
				BB4670B794D4F8599F0DB079 /* VendorIntegration */,
			);
			path = ConferenceGuest;
			sourceTree = "<group>";
		};
		BB4670B794D4F8599F0DB079 /* VendorIntegration */ = {
			isa = PBXGroup;
			children = (
				25D92C9F46D338C0F1F1619E /* AnonymousTokenProvider.swift */,
				5AFD8775C37B596141588029 /* CallControls.swift */,
				498E598E293EB104E32C0A24 /* EventRelay.swift */,
				B613EF5EA7FD9928F1F4A746 /* GuestIdentity.swift */,
				EE69C2566E9C49E767D87B75 /* NativeConferenceEngine.swift */,
			);
			path = VendorIntegration;
			sourceTree = "<group>";
		};
		C26D18653CF430A539DD008C = {
			isa = PBXGroup;
			children = (
				9C88E85B377E06038D9ACF3A /* ConferenceGuest */,
				7F66CCAFB4A3CA6120F119C5 /* Packages */,
				FAF153D79FB50FF51D652ECA /* Products */,
			);
			sourceTree = "<group>";
		};
		FAF153D79FB50FF51D652ECA /* Products */ = {
			isa = PBXGroup;
			children = (
				69847E87D0660B5BFBBAE477 /* ConferenceGuest.app */,
			);
			name = Products;
			sourceTree = "<group>";
		};
/* End PBXGroup section */

/* Begin PBXNativeTarget section */
		DD515075DEAEE66B0AB213AE /* ConferenceGuest */ = {
			isa = PBXNativeTarget;
			buildConfigurationList = 3DACF86E1DA103750874480D /* Build configuration list for PBXNativeTarget "ConferenceGuest" */;
			buildPhases = (
				1862FADA298B6B9073ED8C1F /* Sources */,
				104C7E370A523B0BC770CDE6 /* Frameworks */,
				576A01CA8A6A38F53DB89349 /* Copy provider SDK resources */,
			);
			buildRules = (
			);
			dependencies = (
			);
			name = ConferenceGuest;
			packageProductDependencies = (
				ED7A8F610C5520E72CB44FBB /* JazzSDK */,
				74C01C2D1C7C3AD3B35F6B19 /* ConferenceCore */,
			);
			productName = ConferenceGuest;
			productReference = 69847E87D0660B5BFBBAE477 /* ConferenceGuest.app */;
			productType = "com.apple.product-type.application";
		};
/* End PBXNativeTarget section */

/* Begin PBXProject section */
		4A8841FA75D6E4E6BBBA9BE8 /* Project object */ = {
			isa = PBXProject;
			attributes = {
				BuildIndependentTargetsInParallel = YES;
				LastUpgradeCheck = 1430;
				TargetAttributes = {
					DD515075DEAEE66B0AB213AE = {
						ProvisioningStyle = Automatic;
					};
				};
			};
			buildConfigurationList = 4B7E867B7AA9473A758B3A9B /* Build configuration list for PBXProject "ConferenceGuest" */;
			developmentRegion = en;
			hasScannedForEncodings = 0;
			knownRegions = (
				Base,
				en,
			);
			mainGroup = C26D18653CF430A539DD008C;
			minimizedProjectReferenceProxies = 1;
			packageReferences = (
				3CA54883DC2ACE98091D36A2 /* XCRemoteSwiftPackageReference "jazz-ios-sdk" */,
				6C59E963028DE7E726BC636B /* XCLocalSwiftPackageReference "ConferenceCore" */,
			);
			preferredProjectObjectVersion = 77;
			productRefGroup = FAF153D79FB50FF51D652ECA /* Products */;
			projectDirPath = "";
			projectRoot = "";
			targets = (
				DD515075DEAEE66B0AB213AE /* ConferenceGuest */,
			);
		};
/* End PBXProject section */

/* Begin PBXShellScriptBuildPhase section */
		576A01CA8A6A38F53DB89349 /* Copy provider SDK resources */ = {
			isa = PBXShellScriptBuildPhase;
			alwaysOutOfDate = 1;
			buildActionMask = 2147483647;
			files = (
			);
			inputFileListPaths = (
			);
			inputPaths = (
			);
			name = "Copy provider SDK resources";
			outputFileListPaths = (
			);
			outputPaths = (
			);
			runOnlyForDeploymentPostprocessing = 0;
			shellPath = /bin/sh;
			shellScript = "bash \"$PROJECT_DIR/scripts/copy-sdk-resources.sh\"";
		};
/* End PBXShellScriptBuildPhase section */

/* Begin PBXSourcesBuildPhase section */
		1862FADA298B6B9073ED8C1F /* Sources */ = {
			isa = PBXSourcesBuildPhase;
			buildActionMask = 2147483647;
			files = (
				D464D8BB47CC1C44422A80AC /* AnonymousTokenProvider.swift in Sources */,
				2B62E40D0B73F7AFD76CEC49 /* AppDelegate.swift in Sources */,
				3D66E6D587B785A142F3F605 /* AudioCoordinator.swift in Sources */,
				7CEA60F16DAAF70B420A7C3C /* CallControls.swift in Sources */,
				B61E5615752169C3675B1D86 /* ConferenceModel.swift in Sources */,
				DE7B7065A3301738178F0ECD /* EventRelay.swift in Sources */,
				D1D8B19C3B2DF86831C05D00 /* GuestIdentity.swift in Sources */,
				949CF72C56151AC803283055 /* JoinView.swift in Sources */,
				A2CB02723C3CE158E5C351B3 /* NativeConferenceEngine.swift in Sources */,
				0C787456AE5E4373086A6BEF /* SceneDelegate.swift in Sources */,
				81E2C2EE9007FFEC0911F394 /* SystemCallCoordinator.swift in Sources */,
			);
			runOnlyForDeploymentPostprocessing = 0;
		};
/* End PBXSourcesBuildPhase section */

/* Begin XCBuildConfiguration section */
		690F081456ED4E4743A55ACC /* Release */ = {
			isa = XCBuildConfiguration;
			buildSettings = {
				ALWAYS_SEARCH_USER_PATHS = NO;
				CLANG_ANALYZER_NONNULL = YES;
				CLANG_ANALYZER_NUMBER_OBJECT_CONVERSION = YES_AGGRESSIVE;
				CLANG_CXX_LANGUAGE_STANDARD = "gnu++14";
				CLANG_CXX_LIBRARY = "libc++";
				CLANG_ENABLE_MODULES = YES;
				CLANG_ENABLE_OBJC_ARC = YES;
				CLANG_ENABLE_OBJC_WEAK = YES;
				CLANG_WARN_BLOCK_CAPTURE_AUTORELEASING = YES;
				CLANG_WARN_BOOL_CONVERSION = YES;
				CLANG_WARN_COMMA = YES;
				CLANG_WARN_CONSTANT_CONVERSION = YES;
				CLANG_WARN_DEPRECATED_OBJC_IMPLEMENTATIONS = YES;
				CLANG_WARN_DIRECT_OBJC_ISA_USAGE = YES_ERROR;
				CLANG_WARN_DOCUMENTATION_COMMENTS = YES;
				CLANG_WARN_EMPTY_BODY = YES;
				CLANG_WARN_ENUM_CONVERSION = YES;
				CLANG_WARN_INFINITE_RECURSION = YES;
				CLANG_WARN_INT_CONVERSION = YES;
				CLANG_WARN_NON_LITERAL_NULL_CONVERSION = YES;
				CLANG_WARN_OBJC_IMPLICIT_RETAIN_SELF = YES;
				CLANG_WARN_OBJC_LITERAL_CONVERSION = YES;
				CLANG_WARN_OBJC_ROOT_CLASS = YES_ERROR;
				CLANG_WARN_QUOTED_INCLUDE_IN_FRAMEWORK_HEADER = YES;
				CLANG_WARN_RANGE_LOOP_ANALYSIS = YES;
				CLANG_WARN_STRICT_PROTOTYPES = YES;
				CLANG_WARN_SUSPICIOUS_MOVE = YES;
				CLANG_WARN_UNGUARDED_AVAILABILITY = YES_AGGRESSIVE;
				CLANG_WARN_UNREACHABLE_CODE = YES;
				CLANG_WARN__DUPLICATE_METHOD_MATCH = YES;
				COPY_PHASE_STRIP = NO;
				DEBUG_INFORMATION_FORMAT = "dwarf-with-dsym";
				ENABLE_NS_ASSERTIONS = NO;
				ENABLE_STRICT_OBJC_MSGSEND = YES;
				GCC_C_LANGUAGE_STANDARD = gnu11;
				GCC_NO_COMMON_BLOCKS = YES;
				GCC_WARN_64_TO_32_BIT_CONVERSION = YES;
				GCC_WARN_ABOUT_RETURN_TYPE = YES_ERROR;
				GCC_WARN_UNDECLARED_SELECTOR = YES;
				GCC_WARN_UNINITIALIZED_AUTOS = YES_AGGRESSIVE;
				GCC_WARN_UNUSED_FUNCTION = YES;
				GCC_WARN_UNUSED_VARIABLE = YES;
				IPHONEOS_DEPLOYMENT_TARGET = 18.0;
				MTL_ENABLE_DEBUG_INFO = NO;
				MTL_FAST_MATH = YES;
				PRODUCT_NAME = "$(TARGET_NAME)";
				SDKROOT = iphoneos;
				SWIFT_COMPILATION_MODE = wholemodule;
				SWIFT_OPTIMIZATION_LEVEL = "-O";
				SWIFT_VERSION = 5.0;
			};
			name = Release;
		};
		91940BDB18A9233A0111DC5A /* Release */ = {
			isa = XCBuildConfiguration;
			buildSettings = {
				ASSETCATALOG_COMPILER_APPICON_NAME = AppIcon;
				CODE_SIGN_IDENTITY = "iPhone Developer";
				CODE_SIGN_STYLE = Automatic;
				ENABLE_USER_SCRIPT_SANDBOXING = NO;
				GENERATE_INFOPLIST_FILE = NO;
				INFOPLIST_FILE = ConferenceGuest/Info.plist;
				JOIN_LINK_HOST = "";
				LD_RUNPATH_SEARCH_PATHS = (
					"$(inherited)",
					"@executable_path/Frameworks",
				);
				PRODUCT_BUNDLE_IDENTIFIER = dev.vsmirn0v.conferenceguest;
				SDKROOT = iphoneos;
				SWIFT_VERSION = 5.0;
				TARGETED_DEVICE_FAMILY = "1,2";
			};
			name = Release;
		};
		BCD3B9E2B70171DA5611B8F4 /* Debug */ = {
			isa = XCBuildConfiguration;
			buildSettings = {
				ALWAYS_SEARCH_USER_PATHS = NO;
				CLANG_ANALYZER_NONNULL = YES;
				CLANG_ANALYZER_NUMBER_OBJECT_CONVERSION = YES_AGGRESSIVE;
				CLANG_CXX_LANGUAGE_STANDARD = "gnu++14";
				CLANG_CXX_LIBRARY = "libc++";
				CLANG_ENABLE_MODULES = YES;
				CLANG_ENABLE_OBJC_ARC = YES;
				CLANG_ENABLE_OBJC_WEAK = YES;
				CLANG_WARN_BLOCK_CAPTURE_AUTORELEASING = YES;
				CLANG_WARN_BOOL_CONVERSION = YES;
				CLANG_WARN_COMMA = YES;
				CLANG_WARN_CONSTANT_CONVERSION = YES;
				CLANG_WARN_DEPRECATED_OBJC_IMPLEMENTATIONS = YES;
				CLANG_WARN_DIRECT_OBJC_ISA_USAGE = YES_ERROR;
				CLANG_WARN_DOCUMENTATION_COMMENTS = YES;
				CLANG_WARN_EMPTY_BODY = YES;
				CLANG_WARN_ENUM_CONVERSION = YES;
				CLANG_WARN_INFINITE_RECURSION = YES;
				CLANG_WARN_INT_CONVERSION = YES;
				CLANG_WARN_NON_LITERAL_NULL_CONVERSION = YES;
				CLANG_WARN_OBJC_IMPLICIT_RETAIN_SELF = YES;
				CLANG_WARN_OBJC_LITERAL_CONVERSION = YES;
				CLANG_WARN_OBJC_ROOT_CLASS = YES_ERROR;
				CLANG_WARN_QUOTED_INCLUDE_IN_FRAMEWORK_HEADER = YES;
				CLANG_WARN_RANGE_LOOP_ANALYSIS = YES;
				CLANG_WARN_STRICT_PROTOTYPES = YES;
				CLANG_WARN_SUSPICIOUS_MOVE = YES;
				CLANG_WARN_UNGUARDED_AVAILABILITY = YES_AGGRESSIVE;
				CLANG_WARN_UNREACHABLE_CODE = YES;
				CLANG_WARN__DUPLICATE_METHOD_MATCH = YES;
				COPY_PHASE_STRIP = NO;
				DEBUG_INFORMATION_FORMAT = dwarf;
				ENABLE_STRICT_OBJC_MSGSEND = YES;
				ENABLE_TESTABILITY = YES;
				GCC_C_LANGUAGE_STANDARD = gnu11;
				GCC_DYNAMIC_NO_PIC = NO;
				GCC_NO_COMMON_BLOCKS = YES;
				GCC_OPTIMIZATION_LEVEL = 0;
				GCC_PREPROCESSOR_DEFINITIONS = (
					"$(inherited)",
					"DEBUG=1",
				);
				GCC_WARN_64_TO_32_BIT_CONVERSION = YES;
				GCC_WARN_ABOUT_RETURN_TYPE = YES_ERROR;
				GCC_WARN_UNDECLARED_SELECTOR = YES;
				GCC_WARN_UNINITIALIZED_AUTOS = YES_AGGRESSIVE;
				GCC_WARN_UNUSED_FUNCTION = YES;
				GCC_WARN_UNUSED_VARIABLE = YES;
				IPHONEOS_DEPLOYMENT_TARGET = 18.0;
				MTL_ENABLE_DEBUG_INFO = INCLUDE_SOURCE;
				MTL_FAST_MATH = YES;
				ONLY_ACTIVE_ARCH = YES;
				PRODUCT_NAME = "$(TARGET_NAME)";
				SDKROOT = iphoneos;
				SWIFT_ACTIVE_COMPILATION_CONDITIONS = DEBUG;
				SWIFT_OPTIMIZATION_LEVEL = "-Onone";
				SWIFT_VERSION = 5.0;
			};
			name = Debug;
		};
		E09A2A616F57C9BE23E4D374 /* Debug */ = {
			isa = XCBuildConfiguration;
			buildSettings = {
				ASSETCATALOG_COMPILER_APPICON_NAME = AppIcon;
				CODE_SIGN_IDENTITY = "iPhone Developer";
				CODE_SIGN_STYLE = Automatic;
				ENABLE_USER_SCRIPT_SANDBOXING = NO;
				GENERATE_INFOPLIST_FILE = NO;
				INFOPLIST_FILE = ConferenceGuest/Info.plist;
				JOIN_LINK_HOST = "";
				LD_RUNPATH_SEARCH_PATHS = (
					"$(inherited)",
					"@executable_path/Frameworks",
				);
				PRODUCT_BUNDLE_IDENTIFIER = dev.vsmirn0v.conferenceguest;
				SDKROOT = iphoneos;
				SWIFT_VERSION = 5.0;
				TARGETED_DEVICE_FAMILY = "1,2";
			};
			name = Debug;
		};
/* End XCBuildConfiguration section */

/* Begin XCConfigurationList section */
		3DACF86E1DA103750874480D /* Build configuration list for PBXNativeTarget "ConferenceGuest" */ = {
			isa = XCConfigurationList;
			buildConfigurations = (
				E09A2A616F57C9BE23E4D374 /* Debug */,
				91940BDB18A9233A0111DC5A /* Release */,
			);
			defaultConfigurationIsVisible = 0;
			defaultConfigurationName = Debug;
		};
		4B7E867B7AA9473A758B3A9B /* Build configuration list for PBXProject "ConferenceGuest" */ = {
			isa = XCConfigurationList;
			buildConfigurations = (
				BCD3B9E2B70171DA5611B8F4 /* Debug */,
				690F081456ED4E4743A55ACC /* Release */,
			);
			defaultConfigurationIsVisible = 0;
			defaultConfigurationName = Debug;
		};
/* End XCConfigurationList section */

/* Begin XCLocalSwiftPackageReference section */
		6C59E963028DE7E726BC636B /* XCLocalSwiftPackageReference "ConferenceCore" */ = {
			isa = XCLocalSwiftPackageReference;
			relativePath = ConferenceCore;
		};
/* End XCLocalSwiftPackageReference section */

/* Begin XCRemoteSwiftPackageReference section */
		3CA54883DC2ACE98091D36A2 /* XCRemoteSwiftPackageReference "jazz-ios-sdk" */ = {
			isa = XCRemoteSwiftPackageReference;
			repositoryURL = "https://github.com/salute-developers/jazz-ios-sdk.git";
			requirement = {
				kind = revision;
				revision = 6d5f92869690fa22bb489a9089aa554d733c6936;
			};
		};
/* End XCRemoteSwiftPackageReference section */

/* Begin XCSwiftPackageProductDependency section */
		74C01C2D1C7C3AD3B35F6B19 /* ConferenceCore */ = {
			isa = XCSwiftPackageProductDependency;
			productName = ConferenceCore;
		};
		ED7A8F610C5520E72CB44FBB /* JazzSDK */ = {
			isa = XCSwiftPackageProductDependency;
			package = 3CA54883DC2ACE98091D36A2 /* XCRemoteSwiftPackageReference "jazz-ios-sdk" */;
			productName = JazzSDK;
		};
/* End XCSwiftPackageProductDependency section */
	};
	rootObject = 4A8841FA75D6E4E6BBBA9BE8 /* Project object */;
}
