// !$*UTF8*$!
{
	archiveVersion = 1;
	classes = {
	};
	objectVersion = 77;
	objects = {

/* Begin PBXBuildFile section */
		0145989841EB0E92681768AB /* RoomSyncSettingsView.swift in Sources */ = {isa = PBXBuildFile; fileRef = 823027E72F5C2F40A2D1639B /* RoomSyncSettingsView.swift */; };
		01DA0B5770F5559D5AFAF33A /* OutgoingShareExperiment.swift in Sources */ = {isa = PBXBuildFile; fileRef = 8BF711C6C4AE255609932EE9 /* OutgoingShareExperiment.swift */; };
		0404C944CB6DE7D37D409B83 /* GuestColorFixtureViewController.swift in Sources */ = {isa = PBXBuildFile; fileRef = 3F368F0EFC03992D825902F9 /* GuestColorFixtureViewController.swift */; };
		04BE01C06E14D4D2BAEACA91 /* RoomSyncLiveProbe.swift in Sources */ = {isa = PBXBuildFile; fileRef = 4FFCA5602816073CDAEE4132 /* RoomSyncLiveProbe.swift */; };
		05C6EA4C3F9A2DE876113A9D /* ChatStoreTests.swift in Sources */ = {isa = PBXBuildFile; fileRef = 36335245A0855B2E5BC15592 /* ChatStoreTests.swift */; };
		07DC662E323F7A0BEF5ABD97 /* LocalizationUITests.swift in Sources */ = {isa = PBXBuildFile; fileRef = 014F1BB5CA2AB0F777D109C3 /* LocalizationUITests.swift */; };
		08245B21B07D8A02CAB118A4 /* CallControls.swift in Sources */ = {isa = PBXBuildFile; fileRef = E0DDC3D21920474CDC247639 /* CallControls.swift */; };
		0ABE8A6E964F738D6B1C74B5 /* MeetingWebsitePresenter.swift in Sources */ = {isa = PBXBuildFile; fileRef = C7B28F52B13A50B0278FC5F1 /* MeetingWebsitePresenter.swift */; };
		0B8DB92453A275822334C6F9 /* CallPresentation.swift in Sources */ = {isa = PBXBuildFile; fileRef = 26E84EDB6C185E0A79E26B59 /* CallPresentation.swift */; };
		0E9EE5795A57769858BFC5C4 /* GuestVideoFrameTests.swift in Sources */ = {isa = PBXBuildFile; fileRef = 908B7BD8621D56B596FE8550 /* GuestVideoFrameTests.swift */; };
		0F1E328D1D17EB3FBC4BBB80 /* RockRoomEngine.swift in Sources */ = {isa = PBXBuildFile; fileRef = 7A05CC817B412E4FA9E2EE3A /* RockRoomEngine.swift */; };
		1757927E6A4BAF69164DAF70 /* OutgoingMediaLiveTests.swift in Sources */ = {isa = PBXBuildFile; fileRef = 8EE31B7E83BA253BE1AD08B4 /* OutgoingMediaLiveTests.swift */; };
		1B5855178CAEB4440A6E84E9 /* JazzSDKScreenShare.xcframework in Frameworks */ = {isa = PBXBuildFile; fileRef = 5674A993FC2046A52AD92A60 /* JazzSDKScreenShare.xcframework */; };
		1CC2B05D459CDF2803AA2BB3 /* GuestStreamViews.swift in Sources */ = {isa = PBXBuildFile; fileRef = 49E8939A9D93D27C2352C20B /* GuestStreamViews.swift */; };
		1D215FCF2BF4D33961AB1F25 /* AppDelegate.swift in Sources */ = {isa = PBXBuildFile; fileRef = 40ADF9352DB719D2F965B798 /* AppDelegate.swift */; };
		1D9636718D82A88CBF3B1B20 /* ConferenceMediaUITests.swift in Sources */ = {isa = PBXBuildFile; fileRef = 54AEAC9A8CBF663384D79667 /* ConferenceMediaUITests.swift */; };
		1E4D06DEC5D20E4D142D3243 /* RoomMediaPolicy.swift in Sources */ = {isa = PBXBuildFile; fileRef = 7BF7621A80A949572423961A /* RoomMediaPolicy.swift */; };
		1F35805A29943F09662AEB20 /* FloatingVideoPreference.swift in Sources */ = {isa = PBXBuildFile; fileRef = EE480DD0A0D1B8E60EE1A8BF /* FloatingVideoPreference.swift */; };
		2128C5C3A0577197295EEC96 /* OutgoingShareExperiment.swift in Sources */ = {isa = PBXBuildFile; fileRef = 8BF711C6C4AE255609932EE9 /* OutgoingShareExperiment.swift */; };
		21570B208BECECA604469258 /* NSLayoutConstraint+Priority.swift in Sources */ = {isa = PBXBuildFile; fileRef = 912ED3A027AB9D2DFD1EBBC9 /* NSLayoutConstraint+Priority.swift */; };
		23DE3D169843E74CAA125E65 /* CatchUpStoreTests.swift in Sources */ = {isa = PBXBuildFile; fileRef = 70E1D2B21C4871293EC9597C /* CatchUpStoreTests.swift */; };
		25420BE3DAA57AE04ADC66A6 /* ConferenceModel+Continuation.swift in Sources */ = {isa = PBXBuildFile; fileRef = 78D15E09F9B40733B95666CD /* ConferenceModel+Continuation.swift */; };
		2593C91EC0BDEDB8C8A41392 /* MacAudioDevices.swift in Sources */ = {isa = PBXBuildFile; fileRef = DFBE0EA211EF3BC3F3BE8E22 /* MacAudioDevices.swift */; };
		29A92AF9133DA95B92B92E84 /* LiveKit in Frameworks */ = {isa = PBXBuildFile; productRef = 72993603D3AE089A79E5B15E /* LiveKit */; };
		2B56CB9B10F7E7D0C38CB657 /* RoomSyncUIFixture.swift in Sources */ = {isa = PBXBuildFile; fileRef = 60A6FB138DC969DF89E3C736 /* RoomSyncUIFixture.swift */; };
		2E7ACBEBBF9B770C63EBAFB5 /* AnonymousTokenProvider.swift in Sources */ = {isa = PBXBuildFile; fileRef = 5DB9260C3E8754FB5368FF99 /* AnonymousTokenProvider.swift */; };
		2F34AD7402CF94258E19FB69 /* FavoriteDragStateTests.swift in Sources */ = {isa = PBXBuildFile; fileRef = 3FA2265A1EF1A16DA32A9BA7 /* FavoriteDragStateTests.swift */; };
		31E028D55499DB31084579D1 /* JazzSDK in Frameworks */ = {isa = PBXBuildFile; productRef = 57D559C6B683E448E9EF28F5 /* JazzSDK */; };
		328C37B40535A23BCCF8F29C /* MacAudioDeviceUITests.swift in Sources */ = {isa = PBXBuildFile; fileRef = D6054155B3110878C5C33029 /* MacAudioDeviceUITests.swift */; };
		3506EE7FF946AD19F4E3CB1E /* RoomMediaPolicyTests.swift in Sources */ = {isa = PBXBuildFile; fileRef = 64E5E3314F0E275BAD71BC0B /* RoomMediaPolicyTests.swift */; };
		380277071DCDE8182BEE081F /* GuestSiteLinkAdapter.swift in Sources */ = {isa = PBXBuildFile; fileRef = EAB474DA91D3DC74B6A0A6CE /* GuestSiteLinkAdapter.swift */; };
		39A122CD5DC9D10C3DCC29DA /* Assets.xcassets in Resources */ = {isa = PBXBuildFile; fileRef = BD6CCF5106C0A518803CCA07 /* Assets.xcassets */; };
		39FC79EBE991260A8057C6AB /* GuestBroadcastStop.swift in Sources */ = {isa = PBXBuildFile; fileRef = 70BDFD0E30DDEF30801600B2 /* GuestBroadcastStop.swift */; };
		3A58579519F6F58B33BD69E8 /* AudioPipelineDeviceExperimentTests.swift in Sources */ = {isa = PBXBuildFile; fileRef = D3D60B9BDC597842566C6109 /* AudioPipelineDeviceExperimentTests.swift */; };
		3B052FCA1D23D627E1CF1043 /* NormalizationDeviceExperimentTests.swift in Sources */ = {isa = PBXBuildFile; fileRef = 91D329B93E8CC018B62B0B41 /* NormalizationDeviceExperimentTests.swift */; };
		3B8C312FD7D35EF6922D7539 /* CatchUpText.swift in Sources */ = {isa = PBXBuildFile; fileRef = 1BF0C685736838C7E66914CF /* CatchUpText.swift */; };
		3BB94F45FBCB124E6CCAE49E /* OutgoingRoomExperiment.swift in Sources */ = {isa = PBXBuildFile; fileRef = 1049DF58B45F6CD3D75C38B3 /* OutgoingRoomExperiment.swift */; };
		4122B33EF757A3B9929EC51A /* CallPresentationTests.swift in Sources */ = {isa = PBXBuildFile; fileRef = B2C3A80C7C6D781A2CF24679 /* CallPresentationTests.swift */; };
		4191EE91F0E3DD1BAD51424B /* GuestBroadcastLifecycleUITests.swift in Sources */ = {isa = PBXBuildFile; fileRef = AD56910A0D71A2C43AB9BEBD /* GuestBroadcastLifecycleUITests.swift */; };
		4348F04B521CB67613009F69 /* JazzSDK in Frameworks */ = {isa = PBXBuildFile; productRef = 0B3F91314298394121DA8F1D /* JazzSDK */; };
		4510D964728C36F5FE264FAE /* GuestIdentity.swift in Sources */ = {isa = PBXBuildFile; fileRef = FC54A79FFF8952C055E7A7F7 /* GuestIdentity.swift */; };
		459BD79F3E24CA87ADA9F089 /* SceneDelegate.swift in Sources */ = {isa = PBXBuildFile; fileRef = DF64302A8DFA2B622264D317 /* SceneDelegate.swift */; };
		48EDBDC71ECEDC5C5D5DC15F /* MacCallActivityTests.swift in Sources */ = {isa = PBXBuildFile; fileRef = 2105118F321D73B68AE2C312 /* MacCallActivityTests.swift */; };
		4AC8928ADB0FDC4C1F6565AB /* JamService.swift in Sources */ = {isa = PBXBuildFile; fileRef = 959DF82F4124328521C1E81E /* JamService.swift */; };
		4C4825217F464DDE8D8593E6 /* LocalShareTrackPreviewTests.swift in Sources */ = {isa = PBXBuildFile; fileRef = B308E6CF88B25C5E9B51E130 /* LocalShareTrackPreviewTests.swift */; };
		4D46045EFF13D15BC016E8F9 /* SampleHandler.swift in Sources */ = {isa = PBXBuildFile; fileRef = DFF1677B565C0FDF869CD27F /* SampleHandler.swift */; };
		4E36E94283559C9D8A9D9DD3 /* JazzScreenShareResources.bundle in Resources */ = {isa = PBXBuildFile; fileRef = DE3198CBF3E9C793FD28E25F /* JazzScreenShareResources.bundle */; };
		4F5F7BA8926964B140724425 /* CallWorkspaceControls.swift in Sources */ = {isa = PBXBuildFile; fileRef = D038E6F267254FD6855BF371 /* CallWorkspaceControls.swift */; };
		4F7D5CD26D51A11CF067FCBB /* DisplayNameTests.swift in Sources */ = {isa = PBXBuildFile; fileRef = 438B77B82846C21E6041F25D /* DisplayNameTests.swift */; };
		5158F4013404FEE1CF765E97 /* LocalShareTrackPreview.swift in Sources */ = {isa = PBXBuildFile; fileRef = B250867C7C5E99F4614C22AC /* LocalShareTrackPreview.swift */; };
		51BCF010D44BD48C794D74EA /* NativeConferenceEngine.swift in Sources */ = {isa = PBXBuildFile; fileRef = C31A479481AE9C597DD3B4A1 /* NativeConferenceEngine.swift */; };
		544E96D769100F2FFC63B7EE /* MeetingContinuationCloud.swift in Sources */ = {isa = PBXBuildFile; fileRef = D88EF24A02F9D32A5154827C /* MeetingContinuationCloud.swift */; };
		5657B4B4BF4A614B1784F6B2 /* PiPMicrophoneFixtureViewController.swift in Sources */ = {isa = PBXBuildFile; fileRef = DFC5FF27962DB299A6203745 /* PiPMicrophoneFixtureViewController.swift */; };
		5D2B789765607B60BFE9D4E4 /* MacCallActivity.swift in Sources */ = {isa = PBXBuildFile; fileRef = E1570279EF7B33B98A70B63D /* MacCallActivity.swift */; };
		5EB749AEE0A7D2CAA504D0B1 /* LocalSharePreviewTransport.swift in Sources */ = {isa = PBXBuildFile; fileRef = 444F8FD4CEF81440C78F64E4 /* LocalSharePreviewTransport.swift */; };
		5F64DAC22A14144A6758CE7F /* SystemCallCoordinator.swift in Sources */ = {isa = PBXBuildFile; fileRef = A5F280C9F27221EB0AEAE300 /* SystemCallCoordinator.swift */; };
		63349913ADE097BA69743188 /* VideoSubscriptionCoordinatorTests.swift in Sources */ = {isa = PBXBuildFile; fileRef = 4C4CA635B347F09002064FE5 /* VideoSubscriptionCoordinatorTests.swift */; };
		64FA40B018F31D9C80C32016 /* GuestVideoPictureInPicture.swift in Sources */ = {isa = PBXBuildFile; fileRef = 11FE8907579C87CCDFD6B0DC /* GuestVideoPictureInPicture.swift */; };
		6B35D5B37D06B2C9FC4F0D0F /* MeetingContinuationView.swift in Sources */ = {isa = PBXBuildFile; fileRef = 80CAAA9434F6FC3C4BA590CC /* MeetingContinuationView.swift */; };
		6EA10BC4A476C1D29204AE43 /* MeetingContinuationCoordinator.swift in Sources */ = {isa = PBXBuildFile; fileRef = 1FD8E984581FF54078639C01 /* MeetingContinuationCoordinator.swift */; };
		6F72AE6B58168231C0486FD9 /* LocalSharePreviewTransport.swift in Sources */ = {isa = PBXBuildFile; fileRef = 444F8FD4CEF81440C78F64E4 /* LocalSharePreviewTransport.swift */; };
		6FA8AF8715C2CC1F53AB3094 /* LocalSharePreviewTransportTests.swift in Sources */ = {isa = PBXBuildFile; fileRef = CC88E9E453A5EA13BE6235C0 /* LocalSharePreviewTransportTests.swift */; };
		74C1DABCFFFC93B2D4096BA5 /* FavoriteDragState.swift in Sources */ = {isa = PBXBuildFile; fileRef = F38DB34126B058783702ADD3 /* FavoriteDragState.swift */; };
		7715492FDE15C262A39D2B74 /* ConferenceModel.swift in Sources */ = {isa = PBXBuildFile; fileRef = 65570B6D840AF2D71932D313 /* ConferenceModel.swift */; };
		772D6857C9D1ADD26D37C906 /* FloatingVideoContentView.swift in Sources */ = {isa = PBXBuildFile; fileRef = 1567DFCAF9DFADA92D9DECFF /* FloatingVideoContentView.swift */; };
		78971867C7199811A6A89C22 /* InfoPlist.strings in Resources */ = {isa = PBXBuildFile; fileRef = F2AC2A05DFF407FD96CD3930 /* InfoPlist.strings */; };
		7CE9DD1C0D26F8BFD632134E /* GuestScreenCapture.swift in Sources */ = {isa = PBXBuildFile; fileRef = B756DA6C961B8D0289A606EE /* GuestScreenCapture.swift */; };
		7E12467922DF5F5C89E54D31 /* GuestBroadcast.appex in Embed Foundation Extensions */ = {isa = PBXBuildFile; fileRef = 3CCCF54E4D96F10DF8446D48 /* GuestBroadcast.appex */; settings = {ATTRIBUTES = (RemoveHeadersOnCopy, ); }; };
		7ECAE69B4571F80DBEE4733F /* GuestBroadcastStop.swift in Sources */ = {isa = PBXBuildFile; fileRef = 70BDFD0E30DDEF30801600B2 /* GuestBroadcastStop.swift */; };
		834AACCDD5E41D3D2D7924E6 /* FavoriteRoomRow.swift in Sources */ = {isa = PBXBuildFile; fileRef = ABD1ABCFEFE075B13558256F /* FavoriteRoomRow.swift */; };
		854816A56F9A823805D6270C /* GuestStreamSelectionTests.swift in Sources */ = {isa = PBXBuildFile; fileRef = EC9017A1D53B2ADECBD4A7AC /* GuestStreamSelectionTests.swift */; };
		864D8CEB2EF1F12219F2AEC7 /* SceneDelegate+Fixtures.swift in Sources */ = {isa = PBXBuildFile; fileRef = C22ED977A6A00525FC0E8F35 /* SceneDelegate+Fixtures.swift */; };
		874E54A0C9EDF053C688FC85 /* JoinView.swift in Sources */ = {isa = PBXBuildFile; fileRef = 6D74813F24B6D41F4DE4FD6C /* JoinView.swift */; };
		88D5A969729A522616DB9AC1 /* LiveKit in Frameworks */ = {isa = PBXBuildFile; productRef = AB6F15C1E25726E56A54D099 /* LiveKit */; };
		890C09AE7B3441DF9E70D1DD /* CallKeyboardCommands.swift in Sources */ = {isa = PBXBuildFile; fileRef = C4262C6D2F0644094F1F6D2A /* CallKeyboardCommands.swift */; };
		89311DB1696CAA632627CC3D /* JazzScreenShareResources.bundle in Resources */ = {isa = PBXBuildFile; fileRef = DE3198CBF3E9C793FD28E25F /* JazzScreenShareResources.bundle */; };
		89A5D36AFF45E97D225E8F65 /* RoomSyncCoordinator.swift in Sources */ = {isa = PBXBuildFile; fileRef = 6D9BCE384C727532AF9FEDD2 /* RoomSyncCoordinator.swift */; };
		8BDFD9AC17F1B6FC24C4F4A5 /* InfoPlist.strings in Resources */ = {isa = PBXBuildFile; fileRef = 7BCD34E88A44968F63E4DFD1 /* InfoPlist.strings */; };
		8EB0755F8EF29A4FEA8F9AE9 /* RoomHistoryStore.swift in Sources */ = {isa = PBXBuildFile; fileRef = 0749D2146BB11184D76828DA /* RoomHistoryStore.swift */; };
		8F43AA9F0044B87E68E3646E /* JamServiceTests.swift in Sources */ = {isa = PBXBuildFile; fileRef = C9ECBC97504D70EFB9B2E28C /* JamServiceTests.swift */; };
		915DAB4B920E1EB0274822DE /* EventRelay.swift in Sources */ = {isa = PBXBuildFile; fileRef = E5DD3C92B147421C014181FA /* EventRelay.swift */; };
		9424C35613861911FB58183D /* VideoSubscriptionCoordinator.swift in Sources */ = {isa = PBXBuildFile; fileRef = 5D568E47D305B534191890EC /* VideoSubscriptionCoordinator.swift */; };
		94B17975FE9853977FD4B120 /* RockBroadcast.appex in Embed Foundation Extensions */ = {isa = PBXBuildFile; fileRef = 1CE7740CA4FFBA32B49D81D2 /* RockBroadcast.appex */; settings = {ATTRIBUTES = (RemoveHeadersOnCopy, ); }; };
		9554DB9BCCF4400903CCA0BB /* ConferenceDisplayMode.swift in Sources */ = {isa = PBXBuildFile; fileRef = 463E69085989E90DC1C70351 /* ConferenceDisplayMode.swift */; };
		964484C8436C0EA4F90E16BD /* AudioCoordinator.swift in Sources */ = {isa = PBXBuildFile; fileRef = 4C049BADA8D8CC43635B8F59 /* AudioCoordinator.swift */; };
		96E45477868AE00B30673F3A /* ConferenceCore in Frameworks */ = {isa = PBXBuildFile; productRef = 023105828817798EB4DA9C73 /* ConferenceCore */; };
		98CD9CB2AEB2F788DC8CB4AE /* ParticipantPanelViewController.swift in Sources */ = {isa = PBXBuildFile; fileRef = F426462734DBEBAED52073DA /* ParticipantPanelViewController.swift */; };
		9B56B9DA3A239DD6387606AA /* JazzSDK in Frameworks */ = {isa = PBXBuildFile; productRef = 19B3E6CDE87195F16EC34103 /* JazzSDK */; };
		9DFA58C919E7493ACE1BCEC1 /* GuestCallLayoutFixture.swift in Sources */ = {isa = PBXBuildFile; fileRef = 1741E6D891EBA9FB108E4AE0 /* GuestCallLayoutFixture.swift */; };
		9F20C0EB4FF5DF0DE043CCE3 /* LocalizationTests.swift in Sources */ = {isa = PBXBuildFile; fileRef = BCC4C4C953D0E9206D51DD28 /* LocalizationTests.swift */; };
		9FDC5FCBA12DEC6FA1485263 /* ContinuationBanner.swift in Sources */ = {isa = PBXBuildFile; fileRef = 8ABF3D1959D288FA94E88311 /* ContinuationBanner.swift */; };
		A0D3A3026370550A166E4F2A /* RockVideoPictureInPicture.swift in Sources */ = {isa = PBXBuildFile; fileRef = AE94B4A550B25F959F5622EB /* RockVideoPictureInPicture.swift */; };
		A0ED65C0456B8BC3BD5A2E05 /* FloatingVideoContentTests.swift in Sources */ = {isa = PBXBuildFile; fileRef = 0C9FECFED16879ABE8E529D2 /* FloatingVideoContentTests.swift */; };
		A48340505EAAA06923521161 /* GuestVideoFrameProcessor.swift in Sources */ = {isa = PBXBuildFile; fileRef = 0978B250E002B9455D9AD06E /* GuestVideoFrameProcessor.swift */; };
		A6063918AFB2F56E917CC690 /* Localizable.strings in Resources */ = {isa = PBXBuildFile; fileRef = 3CA9B0FEDF87494E0F7E8261 /* Localizable.strings */; };
		A6B7066F04A854827E9466A5 /* InfoPlist.strings in Resources */ = {isa = PBXBuildFile; fileRef = 86346ACDCB5DD9F32BC51401 /* InfoPlist.strings */; };
		A84E5AF54AB0C60B1F0F65BC /* Localizable.stringsdict in Resources */ = {isa = PBXBuildFile; fileRef = D75611CBD0EC5F3C490CFE82 /* Localizable.stringsdict */; };
		AB028C03E1A572AB2D347562 /* Localizable.strings in Resources */ = {isa = PBXBuildFile; fileRef = 93AAC86B2D4D8F6CE7FA6694 /* Localizable.strings */; };
		B134CD8859004C6BA0333EED /* ReviewRegressionUITests.swift in Sources */ = {isa = PBXBuildFile; fileRef = F5B62747320CF4363ED7E58E /* ReviewRegressionUITests.swift */; };
		B3193389B871F476C1298C8B /* MeetingContinuationLiveFixture.swift in Sources */ = {isa = PBXBuildFile; fileRef = AB07FB95B1890A01E5DEE830 /* MeetingContinuationLiveFixture.swift */; };
		B390D3BA41CDB930AF496177 /* StreamViewport.swift in Sources */ = {isa = PBXBuildFile; fileRef = A447AAD83CAB2DE79FB5FDAA /* StreamViewport.swift */; };
		B7CD6BF98C916A53E12F28A6 /* RoomHistoryStoreTests.swift in Sources */ = {isa = PBXBuildFile; fileRef = 1167BF2406C1BD98F1732473 /* RoomHistoryStoreTests.swift */; };
		BA13C0BE82B43295F3C31D18 /* MacAudioDevicePicker.swift in Sources */ = {isa = PBXBuildFile; fileRef = 407DF47D3DB0A0E0EEB9F2AA /* MacAudioDevicePicker.swift */; };
		BEC243131F30647E683B8FDB /* Localization.swift in Sources */ = {isa = PBXBuildFile; fileRef = 098634B8B5BFC9FD4D81E240 /* Localization.swift */; };
		C0E9815B9D93822773CAEAEF /* PiPMicrophoneUITests.swift in Sources */ = {isa = PBXBuildFile; fileRef = 9220E07FD2C07210BDFDAF9D /* PiPMicrophoneUITests.swift */; };
		C1CB191C2CC80344A1C3337C /* MeetingContinuationUIFixture.swift in Sources */ = {isa = PBXBuildFile; fileRef = 3E0BE2FD5BD2E955E689DD5A /* MeetingContinuationUIFixture.swift */; };
		C76BB9AFEC30C10D989FBF79 /* CallEngine.swift in Sources */ = {isa = PBXBuildFile; fileRef = 0C43FFC391C3ED3C1C530C62 /* CallEngine.swift */; };
		C8AF96D7FA1436CEDAEE8E5F /* GuestSampleBufferView.swift in Sources */ = {isa = PBXBuildFile; fileRef = F1E61E7BB62527702FCC1510 /* GuestSampleBufferView.swift */; };
		CA2328A007DE4223C0D0CA82 /* FloatingVideoController.swift in Sources */ = {isa = PBXBuildFile; fileRef = 8673A1476A9A30C9EE82E814 /* FloatingVideoController.swift */; };
		CA715F9D35BBBB15E40B2B3C /* MeetingPresentationUITests.swift in Sources */ = {isa = PBXBuildFile; fileRef = 4CA55617AFA3B22DCC659978 /* MeetingPresentationUITests.swift */; };
		CDDEE70553C1B8CF7AABD492 /* ConversationPanelViewController.swift in Sources */ = {isa = PBXBuildFile; fileRef = 0DD12DC1E0D2B670F8DE1382 /* ConversationPanelViewController.swift */; };
		D0062BADEEE7E79C83D5AA4D /* JazzSDKScreenShare.xcframework in Frameworks */ = {isa = PBXBuildFile; fileRef = 5674A993FC2046A52AD92A60 /* JazzSDKScreenShare.xcframework */; };
		D0252200EC7E1912249B10F1 /* GuestVideoFrameTap.swift in Sources */ = {isa = PBXBuildFile; fileRef = 4B250F182880CE4EB00EB820 /* GuestVideoFrameTap.swift */; };
		D44F3CA4202ADBEDB878DC84 /* RockCallViewController.swift in Sources */ = {isa = PBXBuildFile; fileRef = C09FCE59F22D1FD6B3AD3F2A /* RockCallViewController.swift */; };
		D9E827D41E62EC8E63511272 /* ChatStore.swift in Sources */ = {isa = PBXBuildFile; fileRef = 5B653B040BAC24FB00F892D0 /* ChatStore.swift */; };
		DB67BC27E439A130FAA4FF10 /* RoomSyncUITests.swift in Sources */ = {isa = PBXBuildFile; fileRef = 65F648EC831C55B448DD9A37 /* RoomSyncUITests.swift */; };
		DB8BD5D1A44C59F08C1C7DE7 /* MacAudioDevicesTests.swift in Sources */ = {isa = PBXBuildFile; fileRef = 16722E5FE635885822227AA7 /* MacAudioDevicesTests.swift */; };
		DCB9C347482577A35E60FBF7 /* CatchUpStore.swift in Sources */ = {isa = PBXBuildFile; fileRef = 88EF3E7A0EEE19E9A9B3E857 /* CatchUpStore.swift */; };
		DD76B7C3FFD74D6416883136 /* RoomSyncCoordinatorTests.swift in Sources */ = {isa = PBXBuildFile; fileRef = 33040F702F0225D226CAF319 /* RoomSyncCoordinatorTests.swift */; };
		DFA97014FF6DE00F01A831DE /* CloudRoomTransport.swift in Sources */ = {isa = PBXBuildFile; fileRef = 6673913BECEEFC32B70FC769 /* CloudRoomTransport.swift */; };
		E61B81F919301455353210C3 /* VendorEndpointResolver.swift in Sources */ = {isa = PBXBuildFile; fileRef = 2C5C7EE579F37BACDF9E7710 /* VendorEndpointResolver.swift */; };
		E6D3FD1ABE16896F34EB1C5B /* OutgoingMediaExperimentTests.swift in Sources */ = {isa = PBXBuildFile; fileRef = 86A4407E202F9667E3FAD11D /* OutgoingMediaExperimentTests.swift */; };
		E7236E038487F47916697EA6 /* Localization.swift in Sources */ = {isa = PBXBuildFile; fileRef = 098634B8B5BFC9FD4D81E240 /* Localization.swift */; };
		E790C8615063FA4E4E5E76BA /* GuestColorUITests.swift in Sources */ = {isa = PBXBuildFile; fileRef = FE7E7ABE77FAC05896773221 /* GuestColorUITests.swift */; };
		EB23FB333D168A19E2E5AE68 /* MeetingContinuationCoordinatorTests.swift in Sources */ = {isa = PBXBuildFile; fileRef = 0541024059C20CE20308E021 /* MeetingContinuationCoordinatorTests.swift */; };
		EBFB29EAF0E158D02A7D994A /* LocalSharePreviewTests.swift in Sources */ = {isa = PBXBuildFile; fileRef = C4091D6233BEB5241015750C /* LocalSharePreviewTests.swift */; };
		ECB1DF9730064526359FD8D8 /* GuestSiteLinkAdapterTests.swift in Sources */ = {isa = PBXBuildFile; fileRef = 3F7A8F59787FB9FB78206745 /* GuestSiteLinkAdapterTests.swift */; };
		ED01B9897B6498D41959E5DE /* CloudRoomTransportLiveTests.swift in Sources */ = {isa = PBXBuildFile; fileRef = 137E5631A28C4071CF574A68 /* CloudRoomTransportLiveTests.swift */; };
		ED2CC8CCA7516E5980D91315 /* SessionOwnershipTests.swift in Sources */ = {isa = PBXBuildFile; fileRef = 5A5389C79CA11B6343CA2427 /* SessionOwnershipTests.swift */; };
		EF1B7F865B1FD6B946C4D13D /* MeetingContinuationUITests.swift in Sources */ = {isa = PBXBuildFile; fileRef = A54A60C9AC3CB1C954536BF5 /* MeetingContinuationUITests.swift */; };
		F0EA7A766DAD552DC1E24EA8 /* CallFocusController.swift in Sources */ = {isa = PBXBuildFile; fileRef = F46416483901E250010A65AE /* CallFocusController.swift */; };
		F372B3CC2FE375267CBA4AF7 /* SampleHandler.swift in Sources */ = {isa = PBXBuildFile; fileRef = A3D56ADB9C4C008AF8FFBAB9 /* SampleHandler.swift */; };
		F4FC62A22ECE7E6441E1452D /* AdditionalRootTrust.swift in Sources */ = {isa = PBXBuildFile; fileRef = B9CD858D9C42BF13EBDB3F9C /* AdditionalRootTrust.swift */; };
		F5C8BBFDF0EC60104E10E408 /* LocalSharePreview.swift in Sources */ = {isa = PBXBuildFile; fileRef = BC70A659C3664635B495E542 /* LocalSharePreview.swift */; };
		F83BA0F1E80BE3E3C12C692A /* CatchUpCardsView.swift in Sources */ = {isa = PBXBuildFile; fileRef = 43C1E7592FD9E7786EBD187B /* CatchUpCardsView.swift */; };
		FD504DE1027F7EF3521DDD09 /* NameEntryUITests.swift in Sources */ = {isa = PBXBuildFile; fileRef = 25B3E7D53DBEAD7F16EFFDF8 /* NameEntryUITests.swift */; };
/* End PBXBuildFile section */

/* Begin PBXContainerItemProxy section */
		8F1EDE65CCF4800AD75A326F /* PBXContainerItemProxy */ = {
			isa = PBXContainerItemProxy;
			containerPortal = B0B80D54AB9B634D320FE51D /* Project object */;
			proxyType = 1;
			remoteGlobalIDString = 00F6A4F1293B8C7787480AE7;
			remoteInfo = GuestBroadcast;
		};
		B332DF9B61AD284E793910EC /* PBXContainerItemProxy */ = {
			isa = PBXContainerItemProxy;
			containerPortal = B0B80D54AB9B634D320FE51D /* Project object */;
			proxyType = 1;
			remoteGlobalIDString = 3684F8D4CF9B8F4E1F903F69;
			remoteInfo = RockBroadcast;
		};
		FA7E8BB84621C16E4B7C8E0A /* PBXContainerItemProxy */ = {
			isa = PBXContainerItemProxy;
			containerPortal = B0B80D54AB9B634D320FE51D /* Project object */;
			proxyType = 1;
			remoteGlobalIDString = B1633D4870119A1C822C5483;
			remoteInfo = RockNRoll;
		};
		FAF93D45D9A607FEA70FD71E /* PBXContainerItemProxy */ = {
			isa = PBXContainerItemProxy;
			containerPortal = B0B80D54AB9B634D320FE51D /* Project object */;
			proxyType = 1;
			remoteGlobalIDString = B1633D4870119A1C822C5483;
			remoteInfo = RockNRoll;
		};
/* End PBXContainerItemProxy section */

/* Begin PBXCopyFilesBuildPhase section */
		EBF56E5C3402BA83C163DFC3 /* Embed Foundation Extensions */ = {
			isa = PBXCopyFilesBuildPhase;
			buildActionMask = 2147483647;
			dstPath = "";
			dstSubfolderSpec = 13;
			files = (
				94B17975FE9853977FD4B120 /* RockBroadcast.appex in Embed Foundation Extensions */,
				7E12467922DF5F5C89E54D31 /* GuestBroadcast.appex in Embed Foundation Extensions */,
			);
			name = "Embed Foundation Extensions";
			runOnlyForDeploymentPostprocessing = 0;
		};
/* End PBXCopyFilesBuildPhase section */

/* Begin PBXFileReference section */
		014F1BB5CA2AB0F777D109C3 /* LocalizationUITests.swift */ = {isa = PBXFileReference; lastKnownFileType = sourcecode.swift; path = LocalizationUITests.swift; sourceTree = "<group>"; };
		01871A6BA563D6B33F8F1592 /* en */ = {isa = PBXFileReference; lastKnownFileType = text.plist.stringsdict; name = en; path = en.lproj/Localizable.stringsdict; sourceTree = "<group>"; };
		0541024059C20CE20308E021 /* MeetingContinuationCoordinatorTests.swift */ = {isa = PBXFileReference; lastKnownFileType = sourcecode.swift; path = MeetingContinuationCoordinatorTests.swift; sourceTree = "<group>"; };
		0749D2146BB11184D76828DA /* RoomHistoryStore.swift */ = {isa = PBXFileReference; lastKnownFileType = sourcecode.swift; path = RoomHistoryStore.swift; sourceTree = "<group>"; };
		0978B250E002B9455D9AD06E /* GuestVideoFrameProcessor.swift */ = {isa = PBXFileReference; lastKnownFileType = sourcecode.swift; path = GuestVideoFrameProcessor.swift; sourceTree = "<group>"; };
		098634B8B5BFC9FD4D81E240 /* Localization.swift */ = {isa = PBXFileReference; lastKnownFileType = sourcecode.swift; path = Localization.swift; sourceTree = "<group>"; };
		0C43FFC391C3ED3C1C530C62 /* CallEngine.swift */ = {isa = PBXFileReference; lastKnownFileType = sourcecode.swift; path = CallEngine.swift; sourceTree = "<group>"; };
		0C9FECFED16879ABE8E529D2 /* FloatingVideoContentTests.swift */ = {isa = PBXFileReference; lastKnownFileType = sourcecode.swift; path = FloatingVideoContentTests.swift; sourceTree = "<group>"; };
		0DD12DC1E0D2B670F8DE1382 /* ConversationPanelViewController.swift */ = {isa = PBXFileReference; lastKnownFileType = sourcecode.swift; path = ConversationPanelViewController.swift; sourceTree = "<group>"; };
		1049DF58B45F6CD3D75C38B3 /* OutgoingRoomExperiment.swift */ = {isa = PBXFileReference; lastKnownFileType = sourcecode.swift; path = OutgoingRoomExperiment.swift; sourceTree = "<group>"; };
		1167BF2406C1BD98F1732473 /* RoomHistoryStoreTests.swift */ = {isa = PBXFileReference; lastKnownFileType = sourcecode.swift; path = RoomHistoryStoreTests.swift; sourceTree = "<group>"; };
		11FE8907579C87CCDFD6B0DC /* GuestVideoPictureInPicture.swift */ = {isa = PBXFileReference; lastKnownFileType = sourcecode.swift; path = GuestVideoPictureInPicture.swift; sourceTree = "<group>"; };
		137E5631A28C4071CF574A68 /* CloudRoomTransportLiveTests.swift */ = {isa = PBXFileReference; lastKnownFileType = sourcecode.swift; path = CloudRoomTransportLiveTests.swift; sourceTree = "<group>"; };
		1567DFCAF9DFADA92D9DECFF /* FloatingVideoContentView.swift */ = {isa = PBXFileReference; lastKnownFileType = sourcecode.swift; path = FloatingVideoContentView.swift; sourceTree = "<group>"; };
		16722E5FE635885822227AA7 /* MacAudioDevicesTests.swift */ = {isa = PBXFileReference; lastKnownFileType = sourcecode.swift; path = MacAudioDevicesTests.swift; sourceTree = "<group>"; };
		1741E6D891EBA9FB108E4AE0 /* GuestCallLayoutFixture.swift */ = {isa = PBXFileReference; lastKnownFileType = sourcecode.swift; path = GuestCallLayoutFixture.swift; sourceTree = "<group>"; };
		1BF0C685736838C7E66914CF /* CatchUpText.swift */ = {isa = PBXFileReference; lastKnownFileType = sourcecode.swift; path = CatchUpText.swift; sourceTree = "<group>"; };
		1CE7740CA4FFBA32B49D81D2 /* RockBroadcast.appex */ = {isa = PBXFileReference; includeInIndex = 0; lastKnownFileType = "wrapper.app-extension"; path = RockBroadcast.appex; sourceTree = BUILT_PRODUCTS_DIR; };
		1EDD989FDAE55ECAD8F48D9E /* ru */ = {isa = PBXFileReference; lastKnownFileType = text.plist.strings; name = ru; path = ru.lproj/InfoPlist.strings; sourceTree = "<group>"; };
		1FD8E984581FF54078639C01 /* MeetingContinuationCoordinator.swift */ = {isa = PBXFileReference; lastKnownFileType = sourcecode.swift; path = MeetingContinuationCoordinator.swift; sourceTree = "<group>"; };
		2105118F321D73B68AE2C312 /* MacCallActivityTests.swift */ = {isa = PBXFileReference; lastKnownFileType = sourcecode.swift; path = MacCallActivityTests.swift; sourceTree = "<group>"; };
		2215B1821C480CC0FAD34730 /* App.entitlements */ = {isa = PBXFileReference; lastKnownFileType = text.plist.entitlements; path = App.entitlements; sourceTree = "<group>"; };
		247AC672329D4CA286072755 /* Info.plist */ = {isa = PBXFileReference; lastKnownFileType = text.plist; path = Info.plist; sourceTree = "<group>"; };
		25B3E7D53DBEAD7F16EFFDF8 /* NameEntryUITests.swift */ = {isa = PBXFileReference; lastKnownFileType = sourcecode.swift; path = NameEntryUITests.swift; sourceTree = "<group>"; };
		26E84EDB6C185E0A79E26B59 /* CallPresentation.swift */ = {isa = PBXFileReference; lastKnownFileType = sourcecode.swift; path = CallPresentation.swift; sourceTree = "<group>"; };
		2C5C7EE579F37BACDF9E7710 /* VendorEndpointResolver.swift */ = {isa = PBXFileReference; lastKnownFileType = sourcecode.swift; path = VendorEndpointResolver.swift; sourceTree = "<group>"; };
		33040F702F0225D226CAF319 /* RoomSyncCoordinatorTests.swift */ = {isa = PBXFileReference; lastKnownFileType = sourcecode.swift; path = RoomSyncCoordinatorTests.swift; sourceTree = "<group>"; };
		36335245A0855B2E5BC15592 /* ChatStoreTests.swift */ = {isa = PBXFileReference; lastKnownFileType = sourcecode.swift; path = ChatStoreTests.swift; sourceTree = "<group>"; };
		3B8565722651DABA4F828498 /* ru */ = {isa = PBXFileReference; lastKnownFileType = text.plist.strings; name = ru; path = ru.lproj/InfoPlist.strings; sourceTree = "<group>"; };
		3CCCF54E4D96F10DF8446D48 /* GuestBroadcast.appex */ = {isa = PBXFileReference; includeInIndex = 0; lastKnownFileType = "wrapper.app-extension"; path = GuestBroadcast.appex; sourceTree = BUILT_PRODUCTS_DIR; };
		3E0BE2FD5BD2E955E689DD5A /* MeetingContinuationUIFixture.swift */ = {isa = PBXFileReference; lastKnownFileType = sourcecode.swift; path = MeetingContinuationUIFixture.swift; sourceTree = "<group>"; };
		3F368F0EFC03992D825902F9 /* GuestColorFixtureViewController.swift */ = {isa = PBXFileReference; lastKnownFileType = sourcecode.swift; path = GuestColorFixtureViewController.swift; sourceTree = "<group>"; };
		3F7A8F59787FB9FB78206745 /* GuestSiteLinkAdapterTests.swift */ = {isa = PBXFileReference; lastKnownFileType = sourcecode.swift; path = GuestSiteLinkAdapterTests.swift; sourceTree = "<group>"; };
		3FA2265A1EF1A16DA32A9BA7 /* FavoriteDragStateTests.swift */ = {isa = PBXFileReference; lastKnownFileType = sourcecode.swift; path = FavoriteDragStateTests.swift; sourceTree = "<group>"; };
		407DF47D3DB0A0E0EEB9F2AA /* MacAudioDevicePicker.swift */ = {isa = PBXFileReference; lastKnownFileType = sourcecode.swift; path = MacAudioDevicePicker.swift; sourceTree = "<group>"; };
		40ADF9352DB719D2F965B798 /* AppDelegate.swift */ = {isa = PBXFileReference; lastKnownFileType = sourcecode.swift; path = AppDelegate.swift; sourceTree = "<group>"; };
		438B77B82846C21E6041F25D /* DisplayNameTests.swift */ = {isa = PBXFileReference; lastKnownFileType = sourcecode.swift; path = DisplayNameTests.swift; sourceTree = "<group>"; };
		43C1E7592FD9E7786EBD187B /* CatchUpCardsView.swift */ = {isa = PBXFileReference; lastKnownFileType = sourcecode.swift; path = CatchUpCardsView.swift; sourceTree = "<group>"; };
		444F8FD4CEF81440C78F64E4 /* LocalSharePreviewTransport.swift */ = {isa = PBXFileReference; lastKnownFileType = sourcecode.swift; path = LocalSharePreviewTransport.swift; sourceTree = "<group>"; };
		463E69085989E90DC1C70351 /* ConferenceDisplayMode.swift */ = {isa = PBXFileReference; lastKnownFileType = sourcecode.swift; path = ConferenceDisplayMode.swift; sourceTree = "<group>"; };
		49E8939A9D93D27C2352C20B /* GuestStreamViews.swift */ = {isa = PBXFileReference; lastKnownFileType = sourcecode.swift; path = GuestStreamViews.swift; sourceTree = "<group>"; };
		4B250F182880CE4EB00EB820 /* GuestVideoFrameTap.swift */ = {isa = PBXFileReference; lastKnownFileType = sourcecode.swift; path = GuestVideoFrameTap.swift; sourceTree = "<group>"; };
		4C049BADA8D8CC43635B8F59 /* AudioCoordinator.swift */ = {isa = PBXFileReference; lastKnownFileType = sourcecode.swift; path = AudioCoordinator.swift; sourceTree = "<group>"; };
		4C4CA635B347F09002064FE5 /* VideoSubscriptionCoordinatorTests.swift */ = {isa = PBXFileReference; lastKnownFileType = sourcecode.swift; path = VideoSubscriptionCoordinatorTests.swift; sourceTree = "<group>"; };
		4CA55617AFA3B22DCC659978 /* MeetingPresentationUITests.swift */ = {isa = PBXFileReference; lastKnownFileType = sourcecode.swift; path = MeetingPresentationUITests.swift; sourceTree = "<group>"; };
		4D2401FC45A41D25A4D8B4D5 /* Extension.entitlements */ = {isa = PBXFileReference; lastKnownFileType = text.plist.entitlements; path = Extension.entitlements; sourceTree = "<group>"; };
		4FFCA5602816073CDAEE4132 /* RoomSyncLiveProbe.swift */ = {isa = PBXFileReference; lastKnownFileType = sourcecode.swift; path = RoomSyncLiveProbe.swift; sourceTree = "<group>"; };
		54AB06E7B00CA5AC1FCCC395 /* RockNRollUITests.xctest */ = {isa = PBXFileReference; includeInIndex = 0; lastKnownFileType = wrapper.cfbundle; path = RockNRollUITests.xctest; sourceTree = BUILT_PRODUCTS_DIR; };
		54AEAC9A8CBF663384D79667 /* ConferenceMediaUITests.swift */ = {isa = PBXFileReference; lastKnownFileType = sourcecode.swift; path = ConferenceMediaUITests.swift; sourceTree = "<group>"; };
		5674A993FC2046A52AD92A60 /* JazzSDKScreenShare.xcframework */ = {isa = PBXFileReference; lastKnownFileType = wrapper.xcframework; name = JazzSDKScreenShare.xcframework; path = GuestBroadcast/VendorSDK/JazzSDKScreenShare.xcframework; sourceTree = "<group>"; };
		5A5389C79CA11B6343CA2427 /* SessionOwnershipTests.swift */ = {isa = PBXFileReference; lastKnownFileType = sourcecode.swift; path = SessionOwnershipTests.swift; sourceTree = "<group>"; };
		5B653B040BAC24FB00F892D0 /* ChatStore.swift */ = {isa = PBXFileReference; lastKnownFileType = sourcecode.swift; path = ChatStore.swift; sourceTree = "<group>"; };
		5CFE89ACD94BAAE54053186F /* Info.plist */ = {isa = PBXFileReference; lastKnownFileType = text.plist; path = Info.plist; sourceTree = "<group>"; };
		5D568E47D305B534191890EC /* VideoSubscriptionCoordinator.swift */ = {isa = PBXFileReference; lastKnownFileType = sourcecode.swift; path = VideoSubscriptionCoordinator.swift; sourceTree = "<group>"; };
		5DB9260C3E8754FB5368FF99 /* AnonymousTokenProvider.swift */ = {isa = PBXFileReference; lastKnownFileType = sourcecode.swift; path = AnonymousTokenProvider.swift; sourceTree = "<group>"; };
		60A6FB138DC969DF89E3C736 /* RoomSyncUIFixture.swift */ = {isa = PBXFileReference; lastKnownFileType = sourcecode.swift; path = RoomSyncUIFixture.swift; sourceTree = "<group>"; };
		64E5E3314F0E275BAD71BC0B /* RoomMediaPolicyTests.swift */ = {isa = PBXFileReference; lastKnownFileType = sourcecode.swift; path = RoomMediaPolicyTests.swift; sourceTree = "<group>"; };
		65570B6D840AF2D71932D313 /* ConferenceModel.swift */ = {isa = PBXFileReference; lastKnownFileType = sourcecode.swift; path = ConferenceModel.swift; sourceTree = "<group>"; };
		65F648EC831C55B448DD9A37 /* RoomSyncUITests.swift */ = {isa = PBXFileReference; lastKnownFileType = sourcecode.swift; path = RoomSyncUITests.swift; sourceTree = "<group>"; };
		6673913BECEEFC32B70FC769 /* CloudRoomTransport.swift */ = {isa = PBXFileReference; lastKnownFileType = sourcecode.swift; path = CloudRoomTransport.swift; sourceTree = "<group>"; };
		6D74813F24B6D41F4DE4FD6C /* JoinView.swift */ = {isa = PBXFileReference; lastKnownFileType = sourcecode.swift; path = JoinView.swift; sourceTree = "<group>"; };
		6D9BCE384C727532AF9FEDD2 /* RoomSyncCoordinator.swift */ = {isa = PBXFileReference; lastKnownFileType = sourcecode.swift; path = RoomSyncCoordinator.swift; sourceTree = "<group>"; };
		70BDFD0E30DDEF30801600B2 /* GuestBroadcastStop.swift */ = {isa = PBXFileReference; lastKnownFileType = sourcecode.swift; path = GuestBroadcastStop.swift; sourceTree = "<group>"; };
		70E1D2B21C4871293EC9597C /* CatchUpStoreTests.swift */ = {isa = PBXFileReference; lastKnownFileType = sourcecode.swift; path = CatchUpStoreTests.swift; sourceTree = "<group>"; };
		78D15E09F9B40733B95666CD /* ConferenceModel+Continuation.swift */ = {isa = PBXFileReference; lastKnownFileType = sourcecode.swift; path = "ConferenceModel+Continuation.swift"; sourceTree = "<group>"; };
		7A05CC817B412E4FA9E2EE3A /* RockRoomEngine.swift */ = {isa = PBXFileReference; lastKnownFileType = sourcecode.swift; path = RockRoomEngine.swift; sourceTree = "<group>"; };
		7BF7621A80A949572423961A /* RoomMediaPolicy.swift */ = {isa = PBXFileReference; lastKnownFileType = sourcecode.swift; path = RoomMediaPolicy.swift; sourceTree = "<group>"; };
		80CAAA9434F6FC3C4BA590CC /* MeetingContinuationView.swift */ = {isa = PBXFileReference; lastKnownFileType = sourcecode.swift; path = MeetingContinuationView.swift; sourceTree = "<group>"; };
		823027E72F5C2F40A2D1639B /* RoomSyncSettingsView.swift */ = {isa = PBXFileReference; lastKnownFileType = sourcecode.swift; path = RoomSyncSettingsView.swift; sourceTree = "<group>"; };
		8673A1476A9A30C9EE82E814 /* FloatingVideoController.swift */ = {isa = PBXFileReference; lastKnownFileType = sourcecode.swift; path = FloatingVideoController.swift; sourceTree = "<group>"; };
		86A4407E202F9667E3FAD11D /* OutgoingMediaExperimentTests.swift */ = {isa = PBXFileReference; lastKnownFileType = sourcecode.swift; path = OutgoingMediaExperimentTests.swift; sourceTree = "<group>"; };
		88EF3E7A0EEE19E9A9B3E857 /* CatchUpStore.swift */ = {isa = PBXFileReference; lastKnownFileType = sourcecode.swift; path = CatchUpStore.swift; sourceTree = "<group>"; };
		8ABF3D1959D288FA94E88311 /* ContinuationBanner.swift */ = {isa = PBXFileReference; lastKnownFileType = sourcecode.swift; path = ContinuationBanner.swift; sourceTree = "<group>"; };
		8BF711C6C4AE255609932EE9 /* OutgoingShareExperiment.swift */ = {isa = PBXFileReference; lastKnownFileType = sourcecode.swift; path = OutgoingShareExperiment.swift; sourceTree = "<group>"; };
		8CD40516B8DF9183003C367E /* en */ = {isa = PBXFileReference; lastKnownFileType = text.plist.strings; name = en; path = en.lproj/Localizable.strings; sourceTree = "<group>"; };
		8EE31B7E83BA253BE1AD08B4 /* OutgoingMediaLiveTests.swift */ = {isa = PBXFileReference; lastKnownFileType = sourcecode.swift; path = OutgoingMediaLiveTests.swift; sourceTree = "<group>"; };
		908B7BD8621D56B596FE8550 /* GuestVideoFrameTests.swift */ = {isa = PBXFileReference; lastKnownFileType = sourcecode.swift; path = GuestVideoFrameTests.swift; sourceTree = "<group>"; };
		912ED3A027AB9D2DFD1EBBC9 /* NSLayoutConstraint+Priority.swift */ = {isa = PBXFileReference; lastKnownFileType = sourcecode.swift; path = "NSLayoutConstraint+Priority.swift"; sourceTree = "<group>"; };
		91D329B93E8CC018B62B0B41 /* NormalizationDeviceExperimentTests.swift */ = {isa = PBXFileReference; lastKnownFileType = sourcecode.swift; path = NormalizationDeviceExperimentTests.swift; sourceTree = "<group>"; };
		9220E07FD2C07210BDFDAF9D /* PiPMicrophoneUITests.swift */ = {isa = PBXFileReference; lastKnownFileType = sourcecode.swift; path = PiPMicrophoneUITests.swift; sourceTree = "<group>"; };
		941F94DECD3BB3D582054218 /* ru */ = {isa = PBXFileReference; lastKnownFileType = text.plist.strings; name = ru; path = ru.lproj/Localizable.strings; sourceTree = "<group>"; };
		959DF82F4124328521C1E81E /* JamService.swift */ = {isa = PBXFileReference; lastKnownFileType = sourcecode.swift; path = JamService.swift; sourceTree = "<group>"; };
		9B966C1B0154B0A50F606CCB /* en */ = {isa = PBXFileReference; lastKnownFileType = text.plist.strings; name = en; path = en.lproj/InfoPlist.strings; sourceTree = "<group>"; };
		A3D56ADB9C4C008AF8FFBAB9 /* SampleHandler.swift */ = {isa = PBXFileReference; lastKnownFileType = sourcecode.swift; path = SampleHandler.swift; sourceTree = "<group>"; };
		A447AAD83CAB2DE79FB5FDAA /* StreamViewport.swift */ = {isa = PBXFileReference; lastKnownFileType = sourcecode.swift; path = StreamViewport.swift; sourceTree = "<group>"; };
		A54A60C9AC3CB1C954536BF5 /* MeetingContinuationUITests.swift */ = {isa = PBXFileReference; lastKnownFileType = sourcecode.swift; path = MeetingContinuationUITests.swift; sourceTree = "<group>"; };
		A5F280C9F27221EB0AEAE300 /* SystemCallCoordinator.swift */ = {isa = PBXFileReference; lastKnownFileType = sourcecode.swift; path = SystemCallCoordinator.swift; sourceTree = "<group>"; };
		AB07FB95B1890A01E5DEE830 /* MeetingContinuationLiveFixture.swift */ = {isa = PBXFileReference; lastKnownFileType = sourcecode.swift; path = MeetingContinuationLiveFixture.swift; sourceTree = "<group>"; };
		ABD1ABCFEFE075B13558256F /* FavoriteRoomRow.swift */ = {isa = PBXFileReference; lastKnownFileType = sourcecode.swift; path = FavoriteRoomRow.swift; sourceTree = "<group>"; };
		AD56910A0D71A2C43AB9BEBD /* GuestBroadcastLifecycleUITests.swift */ = {isa = PBXFileReference; lastKnownFileType = sourcecode.swift; path = GuestBroadcastLifecycleUITests.swift; sourceTree = "<group>"; };
		AE94B4A550B25F959F5622EB /* RockVideoPictureInPicture.swift */ = {isa = PBXFileReference; lastKnownFileType = sourcecode.swift; path = RockVideoPictureInPicture.swift; sourceTree = "<group>"; };
		B250867C7C5E99F4614C22AC /* LocalShareTrackPreview.swift */ = {isa = PBXFileReference; lastKnownFileType = sourcecode.swift; path = LocalShareTrackPreview.swift; sourceTree = "<group>"; };
		B2C3A80C7C6D781A2CF24679 /* CallPresentationTests.swift */ = {isa = PBXFileReference; lastKnownFileType = sourcecode.swift; path = CallPresentationTests.swift; sourceTree = "<group>"; };
		B308E6CF88B25C5E9B51E130 /* LocalShareTrackPreviewTests.swift */ = {isa = PBXFileReference; lastKnownFileType = sourcecode.swift; path = LocalShareTrackPreviewTests.swift; sourceTree = "<group>"; };
		B756DA6C961B8D0289A606EE /* GuestScreenCapture.swift */ = {isa = PBXFileReference; lastKnownFileType = sourcecode.swift; path = GuestScreenCapture.swift; sourceTree = "<group>"; };
		B9CD858D9C42BF13EBDB3F9C /* AdditionalRootTrust.swift */ = {isa = PBXFileReference; lastKnownFileType = sourcecode.swift; path = AdditionalRootTrust.swift; sourceTree = "<group>"; };
		BB8E0EEDC3368BC36F144A68 /* Extension.entitlements */ = {isa = PBXFileReference; lastKnownFileType = text.plist.entitlements; path = Extension.entitlements; sourceTree = "<group>"; };
		BB9F78F51F928A3AE8E2561B /* ru */ = {isa = PBXFileReference; lastKnownFileType = text.plist.strings; name = ru; path = ru.lproj/Localizable.strings; sourceTree = "<group>"; };
		BC70A659C3664635B495E542 /* LocalSharePreview.swift */ = {isa = PBXFileReference; lastKnownFileType = sourcecode.swift; path = LocalSharePreview.swift; sourceTree = "<group>"; };
		BCC4C4C953D0E9206D51DD28 /* LocalizationTests.swift */ = {isa = PBXFileReference; lastKnownFileType = sourcecode.swift; path = LocalizationTests.swift; sourceTree = "<group>"; };
		BD6CCF5106C0A518803CCA07 /* Assets.xcassets */ = {isa = PBXFileReference; lastKnownFileType = folder.assetcatalog; path = Assets.xcassets; sourceTree = "<group>"; };
		C09FCE59F22D1FD6B3AD3F2A /* RockCallViewController.swift */ = {isa = PBXFileReference; lastKnownFileType = sourcecode.swift; path = RockCallViewController.swift; sourceTree = "<group>"; };
		C22ED977A6A00525FC0E8F35 /* SceneDelegate+Fixtures.swift */ = {isa = PBXFileReference; lastKnownFileType = sourcecode.swift; path = "SceneDelegate+Fixtures.swift"; sourceTree = "<group>"; };
		C31A479481AE9C597DD3B4A1 /* NativeConferenceEngine.swift */ = {isa = PBXFileReference; lastKnownFileType = sourcecode.swift; path = NativeConferenceEngine.swift; sourceTree = "<group>"; };
		C4091D6233BEB5241015750C /* LocalSharePreviewTests.swift */ = {isa = PBXFileReference; lastKnownFileType = sourcecode.swift; path = LocalSharePreviewTests.swift; sourceTree = "<group>"; };
		C4262C6D2F0644094F1F6D2A /* CallKeyboardCommands.swift */ = {isa = PBXFileReference; lastKnownFileType = sourcecode.swift; path = CallKeyboardCommands.swift; sourceTree = "<group>"; };
		C7B28F52B13A50B0278FC5F1 /* MeetingWebsitePresenter.swift */ = {isa = PBXFileReference; lastKnownFileType = sourcecode.swift; path = MeetingWebsitePresenter.swift; sourceTree = "<group>"; };
		C9ECBC97504D70EFB9B2E28C /* JamServiceTests.swift */ = {isa = PBXFileReference; lastKnownFileType = sourcecode.swift; path = JamServiceTests.swift; sourceTree = "<group>"; };
		CB1170E4D6D09329D8F325D5 /* RockNRollTests.xctest */ = {isa = PBXFileReference; includeInIndex = 0; lastKnownFileType = wrapper.cfbundle; path = RockNRollTests.xctest; sourceTree = BUILT_PRODUCTS_DIR; };
		CC42FB720B95DDCB4C47E645 /* RockNRoll.app */ = {isa = PBXFileReference; includeInIndex = 0; lastKnownFileType = wrapper.application; path = RockNRoll.app; sourceTree = BUILT_PRODUCTS_DIR; };
		CC88E9E453A5EA13BE6235C0 /* LocalSharePreviewTransportTests.swift */ = {isa = PBXFileReference; lastKnownFileType = sourcecode.swift; path = LocalSharePreviewTransportTests.swift; sourceTree = "<group>"; };
		D038E6F267254FD6855BF371 /* CallWorkspaceControls.swift */ = {isa = PBXFileReference; lastKnownFileType = sourcecode.swift; path = CallWorkspaceControls.swift; sourceTree = "<group>"; };
		D3398AA0F6FDB72AD43F46CB /* ConferenceCore */ = {isa = PBXFileReference; lastKnownFileType = folder; name = ConferenceCore; path = ConferenceCore; sourceTree = SOURCE_ROOT; };
		D3D60B9BDC597842566C6109 /* AudioPipelineDeviceExperimentTests.swift */ = {isa = PBXFileReference; lastKnownFileType = sourcecode.swift; path = AudioPipelineDeviceExperimentTests.swift; sourceTree = "<group>"; };
		D6054155B3110878C5C33029 /* MacAudioDeviceUITests.swift */ = {isa = PBXFileReference; lastKnownFileType = sourcecode.swift; path = MacAudioDeviceUITests.swift; sourceTree = "<group>"; };
		D7142F46F04970CAF6D141DF /* en */ = {isa = PBXFileReference; lastKnownFileType = text.plist.strings; name = en; path = en.lproj/InfoPlist.strings; sourceTree = "<group>"; };
		D88EF24A02F9D32A5154827C /* MeetingContinuationCloud.swift */ = {isa = PBXFileReference; lastKnownFileType = sourcecode.swift; path = MeetingContinuationCloud.swift; sourceTree = "<group>"; };
		DD573672F58CD87BE5C3118D /* ru */ = {isa = PBXFileReference; lastKnownFileType = text.plist.stringsdict; name = ru; path = ru.lproj/Localizable.stringsdict; sourceTree = "<group>"; };
		DE3198CBF3E9C793FD28E25F /* JazzScreenShareResources.bundle */ = {isa = PBXFileReference; lastKnownFileType = wrapper.cfbundle; path = JazzScreenShareResources.bundle; sourceTree = "<group>"; };
		DF64302A8DFA2B622264D317 /* SceneDelegate.swift */ = {isa = PBXFileReference; lastKnownFileType = sourcecode.swift; path = SceneDelegate.swift; sourceTree = "<group>"; };
		DFBE0EA211EF3BC3F3BE8E22 /* MacAudioDevices.swift */ = {isa = PBXFileReference; lastKnownFileType = sourcecode.swift; path = MacAudioDevices.swift; sourceTree = "<group>"; };
		DFC5FF27962DB299A6203745 /* PiPMicrophoneFixtureViewController.swift */ = {isa = PBXFileReference; lastKnownFileType = sourcecode.swift; path = PiPMicrophoneFixtureViewController.swift; sourceTree = "<group>"; };
		DFF1677B565C0FDF869CD27F /* SampleHandler.swift */ = {isa = PBXFileReference; lastKnownFileType = sourcecode.swift; path = SampleHandler.swift; sourceTree = "<group>"; };
		DFFFE5408FE87945860DDB8F /* en */ = {isa = PBXFileReference; lastKnownFileType = text.plist.strings; name = en; path = en.lproj/Localizable.strings; sourceTree = "<group>"; };
		E0DDC3D21920474CDC247639 /* CallControls.swift */ = {isa = PBXFileReference; lastKnownFileType = sourcecode.swift; path = CallControls.swift; sourceTree = "<group>"; };
		E1570279EF7B33B98A70B63D /* MacCallActivity.swift */ = {isa = PBXFileReference; lastKnownFileType = sourcecode.swift; path = MacCallActivity.swift; sourceTree = "<group>"; };
		E178AB7DB956D0DFD7D75D31 /* en */ = {isa = PBXFileReference; lastKnownFileType = text.plist.strings; name = en; path = en.lproj/InfoPlist.strings; sourceTree = "<group>"; };
		E5DD3C92B147421C014181FA /* EventRelay.swift */ = {isa = PBXFileReference; lastKnownFileType = sourcecode.swift; path = EventRelay.swift; sourceTree = "<group>"; };
		E6BECE9295285CD0B510CC19 /* ru */ = {isa = PBXFileReference; lastKnownFileType = text.plist.strings; name = ru; path = ru.lproj/InfoPlist.strings; sourceTree = "<group>"; };
		EAB474DA91D3DC74B6A0A6CE /* GuestSiteLinkAdapter.swift */ = {isa = PBXFileReference; lastKnownFileType = sourcecode.swift; path = GuestSiteLinkAdapter.swift; sourceTree = "<group>"; };
		EC9017A1D53B2ADECBD4A7AC /* GuestStreamSelectionTests.swift */ = {isa = PBXFileReference; lastKnownFileType = sourcecode.swift; path = GuestStreamSelectionTests.swift; sourceTree = "<group>"; };
		EE480DD0A0D1B8E60EE1A8BF /* FloatingVideoPreference.swift */ = {isa = PBXFileReference; lastKnownFileType = sourcecode.swift; path = FloatingVideoPreference.swift; sourceTree = "<group>"; };
		F1612C6050EE021175A9DF82 /* Info.plist */ = {isa = PBXFileReference; lastKnownFileType = text.plist; path = Info.plist; sourceTree = "<group>"; };
		F1E61E7BB62527702FCC1510 /* GuestSampleBufferView.swift */ = {isa = PBXFileReference; lastKnownFileType = sourcecode.swift; path = GuestSampleBufferView.swift; sourceTree = "<group>"; };
		F38DB34126B058783702ADD3 /* FavoriteDragState.swift */ = {isa = PBXFileReference; lastKnownFileType = sourcecode.swift; path = FavoriteDragState.swift; sourceTree = "<group>"; };
		F426462734DBEBAED52073DA /* ParticipantPanelViewController.swift */ = {isa = PBXFileReference; lastKnownFileType = sourcecode.swift; path = ParticipantPanelViewController.swift; sourceTree = "<group>"; };
		F46416483901E250010A65AE /* CallFocusController.swift */ = {isa = PBXFileReference; lastKnownFileType = sourcecode.swift; path = CallFocusController.swift; sourceTree = "<group>"; };
		F5B62747320CF4363ED7E58E /* ReviewRegressionUITests.swift */ = {isa = PBXFileReference; lastKnownFileType = sourcecode.swift; path = ReviewRegressionUITests.swift; sourceTree = "<group>"; };
		FC54A79FFF8952C055E7A7F7 /* GuestIdentity.swift */ = {isa = PBXFileReference; lastKnownFileType = sourcecode.swift; path = GuestIdentity.swift; sourceTree = "<group>"; };
		FE7E7ABE77FAC05896773221 /* GuestColorUITests.swift */ = {isa = PBXFileReference; lastKnownFileType = sourcecode.swift; path = GuestColorUITests.swift; sourceTree = "<group>"; };
/* End PBXFileReference section */

/* Begin PBXFrameworksBuildPhase section */
		15B1F1C9AE3D485C79925C95 /* Frameworks */ = {
			isa = PBXFrameworksBuildPhase;
			buildActionMask = 2147483647;
			files = (
				31E028D55499DB31084579D1 /* JazzSDK in Frameworks */,
				D0062BADEEE7E79C83D5AA4D /* JazzSDKScreenShare.xcframework in Frameworks */,
			);
			runOnlyForDeploymentPostprocessing = 0;
		};
		3E71482B1A46AC77DB601383 /* Frameworks */ = {
			isa = PBXFrameworksBuildPhase;
			buildActionMask = 2147483647;
			files = (
				29A92AF9133DA95B92B92E84 /* LiveKit in Frameworks */,
			);
			runOnlyForDeploymentPostprocessing = 0;
		};
		816E988E25770A2DE7E7D93B /* Frameworks */ = {
			isa = PBXFrameworksBuildPhase;
			buildActionMask = 2147483647;
			files = (
				4348F04B521CB67613009F69 /* JazzSDK in Frameworks */,
				1B5855178CAEB4440A6E84E9 /* JazzSDKScreenShare.xcframework in Frameworks */,
				96E45477868AE00B30673F3A /* ConferenceCore in Frameworks */,
				88D5A969729A522616DB9AC1 /* LiveKit in Frameworks */,
			);
			runOnlyForDeploymentPostprocessing = 0;
		};
		F0924B937FFF8DF340D5146B /* Frameworks */ = {
			isa = PBXFrameworksBuildPhase;
			buildActionMask = 2147483647;
			files = (
				9B56B9DA3A239DD6387606AA /* JazzSDK in Frameworks */,
			);
			runOnlyForDeploymentPostprocessing = 0;
		};
/* End PBXFrameworksBuildPhase section */

/* Begin PBXGroup section */
		00BA1FA86FF89E567B5BAF77 /* Frameworks */ = {
			isa = PBXGroup;
			children = (
				5674A993FC2046A52AD92A60 /* JazzSDKScreenShare.xcframework */,
			);
			name = Frameworks;
			sourceTree = "<group>";
		};
		14870F7BF71A4171A1CC93B5 /* RockBroadcast */ = {
			isa = PBXGroup;
			children = (
				4D2401FC45A41D25A4D8B4D5 /* Extension.entitlements */,
				F1612C6050EE021175A9DF82 /* Info.plist */,
				A3D56ADB9C4C008AF8FFBAB9 /* SampleHandler.swift */,
				7BCD34E88A44968F63E4DFD1 /* InfoPlist.strings */,
			);
			path = RockBroadcast;
			sourceTree = "<group>";
		};
		2835BD9AF29D4B9549DF8290 /* Products */ = {
			isa = PBXGroup;
			children = (
				3CCCF54E4D96F10DF8446D48 /* GuestBroadcast.appex */,
				1CE7740CA4FFBA32B49D81D2 /* RockBroadcast.appex */,
				CC42FB720B95DDCB4C47E645 /* RockNRoll.app */,
				CB1170E4D6D09329D8F325D5 /* RockNRollTests.xctest */,
				54AB06E7B00CA5AC1FCCC395 /* RockNRollUITests.xctest */,
			);
			name = Products;
			sourceTree = "<group>";
		};
		338D4E44E4BA43D7DA8F21F9 = {
			isa = PBXGroup;
			children = (
				6D3CEE462A5E3738607193A5 /* GuestBroadcast */,
				F0180F344B2A34E54724DD80 /* Packages */,
				14870F7BF71A4171A1CC93B5 /* RockBroadcast */,
				D236B2060583426D0D293D20 /* RockNRoll */,
				DA4E1195A6EAE225E8C05321 /* RockNRollTests */,
				E680D93E3830A213621DCA70 /* RockNRollUITests */,
				7100DAB29E893979A4E34C9B /* Shared */,
				00BA1FA86FF89E567B5BAF77 /* Frameworks */,
				2835BD9AF29D4B9549DF8290 /* Products */,
			);
			sourceTree = "<group>";
		};
		5D4E2991A548588165E9049E /* VendorIntegration */ = {
			isa = PBXGroup;
			children = (
				EC9017A1D53B2ADECBD4A7AC /* GuestStreamSelectionTests.swift */,
			);
			path = VendorIntegration;
			sourceTree = "<group>";
		};
		6D3CEE462A5E3738607193A5 /* GuestBroadcast */ = {
			isa = PBXGroup;
			children = (
				BB8E0EEDC3368BC36F144A68 /* Extension.entitlements */,
				247AC672329D4CA286072755 /* Info.plist */,
				DFF1677B565C0FDF869CD27F /* SampleHandler.swift */,
				F2AC2A05DFF407FD96CD3930 /* InfoPlist.strings */,
				3CA9B0FEDF87494E0F7E8261 /* Localizable.strings */,
				AAAF80F72166B50CB7E2E712 /* VendorSDK */,
			);
			path = GuestBroadcast;
			sourceTree = "<group>";
		};
		7100DAB29E893979A4E34C9B /* Shared */ = {
			isa = PBXGroup;
			children = (
				70BDFD0E30DDEF30801600B2 /* GuestBroadcastStop.swift */,
				098634B8B5BFC9FD4D81E240 /* Localization.swift */,
				444F8FD4CEF81440C78F64E4 /* LocalSharePreviewTransport.swift */,
				8BF711C6C4AE255609932EE9 /* OutgoingShareExperiment.swift */,
			);
			path = Shared;
			sourceTree = "<group>";
		};
		AAAF80F72166B50CB7E2E712 /* VendorSDK */ = {
			isa = PBXGroup;
			children = (
				DE3198CBF3E9C793FD28E25F /* JazzScreenShareResources.bundle */,
			);
			path = VendorSDK;
			sourceTree = "<group>";
		};
		D236B2060583426D0D293D20 /* RockNRoll */ = {
			isa = PBXGroup;
			children = (
				2215B1821C480CC0FAD34730 /* App.entitlements */,
				40ADF9352DB719D2F965B798 /* AppDelegate.swift */,
				BD6CCF5106C0A518803CCA07 /* Assets.xcassets */,
				4C049BADA8D8CC43635B8F59 /* AudioCoordinator.swift */,
				0C43FFC391C3ED3C1C530C62 /* CallEngine.swift */,
				F46416483901E250010A65AE /* CallFocusController.swift */,
				C4262C6D2F0644094F1F6D2A /* CallKeyboardCommands.swift */,
				26E84EDB6C185E0A79E26B59 /* CallPresentation.swift */,
				D038E6F267254FD6855BF371 /* CallWorkspaceControls.swift */,
				43C1E7592FD9E7786EBD187B /* CatchUpCardsView.swift */,
				88EF3E7A0EEE19E9A9B3E857 /* CatchUpStore.swift */,
				1BF0C685736838C7E66914CF /* CatchUpText.swift */,
				5B653B040BAC24FB00F892D0 /* ChatStore.swift */,
				6673913BECEEFC32B70FC769 /* CloudRoomTransport.swift */,
				463E69085989E90DC1C70351 /* ConferenceDisplayMode.swift */,
				65570B6D840AF2D71932D313 /* ConferenceModel.swift */,
				78D15E09F9B40733B95666CD /* ConferenceModel+Continuation.swift */,
				8ABF3D1959D288FA94E88311 /* ContinuationBanner.swift */,
				0DD12DC1E0D2B670F8DE1382 /* ConversationPanelViewController.swift */,
				F38DB34126B058783702ADD3 /* FavoriteDragState.swift */,
				ABD1ABCFEFE075B13558256F /* FavoriteRoomRow.swift */,
				1567DFCAF9DFADA92D9DECFF /* FloatingVideoContentView.swift */,
				8673A1476A9A30C9EE82E814 /* FloatingVideoController.swift */,
				EE480DD0A0D1B8E60EE1A8BF /* FloatingVideoPreference.swift */,
				5CFE89ACD94BAAE54053186F /* Info.plist */,
				959DF82F4124328521C1E81E /* JamService.swift */,
				6D74813F24B6D41F4DE4FD6C /* JoinView.swift */,
				BC70A659C3664635B495E542 /* LocalSharePreview.swift */,
				B250867C7C5E99F4614C22AC /* LocalShareTrackPreview.swift */,
				407DF47D3DB0A0E0EEB9F2AA /* MacAudioDevicePicker.swift */,
				DFBE0EA211EF3BC3F3BE8E22 /* MacAudioDevices.swift */,
				E1570279EF7B33B98A70B63D /* MacCallActivity.swift */,
				D88EF24A02F9D32A5154827C /* MeetingContinuationCloud.swift */,
				1FD8E984581FF54078639C01 /* MeetingContinuationCoordinator.swift */,
				AB07FB95B1890A01E5DEE830 /* MeetingContinuationLiveFixture.swift */,
				3E0BE2FD5BD2E955E689DD5A /* MeetingContinuationUIFixture.swift */,
				80CAAA9434F6FC3C4BA590CC /* MeetingContinuationView.swift */,
				C7B28F52B13A50B0278FC5F1 /* MeetingWebsitePresenter.swift */,
				912ED3A027AB9D2DFD1EBBC9 /* NSLayoutConstraint+Priority.swift */,
				1049DF58B45F6CD3D75C38B3 /* OutgoingRoomExperiment.swift */,
				F426462734DBEBAED52073DA /* ParticipantPanelViewController.swift */,
				DFC5FF27962DB299A6203745 /* PiPMicrophoneFixtureViewController.swift */,
				C09FCE59F22D1FD6B3AD3F2A /* RockCallViewController.swift */,
				7A05CC817B412E4FA9E2EE3A /* RockRoomEngine.swift */,
				AE94B4A550B25F959F5622EB /* RockVideoPictureInPicture.swift */,
				0749D2146BB11184D76828DA /* RoomHistoryStore.swift */,
				7BF7621A80A949572423961A /* RoomMediaPolicy.swift */,
				6D9BCE384C727532AF9FEDD2 /* RoomSyncCoordinator.swift */,
				4FFCA5602816073CDAEE4132 /* RoomSyncLiveProbe.swift */,
				823027E72F5C2F40A2D1639B /* RoomSyncSettingsView.swift */,
				60A6FB138DC969DF89E3C736 /* RoomSyncUIFixture.swift */,
				DF64302A8DFA2B622264D317 /* SceneDelegate.swift */,
				C22ED977A6A00525FC0E8F35 /* SceneDelegate+Fixtures.swift */,
				A447AAD83CAB2DE79FB5FDAA /* StreamViewport.swift */,
				A5F280C9F27221EB0AEAE300 /* SystemCallCoordinator.swift */,
				5D568E47D305B534191890EC /* VideoSubscriptionCoordinator.swift */,
				86346ACDCB5DD9F32BC51401 /* InfoPlist.strings */,
				93AAC86B2D4D8F6CE7FA6694 /* Localizable.strings */,
				D75611CBD0EC5F3C490CFE82 /* Localizable.stringsdict */,
				D5F9600D215EDCBE2254334D /* VendorIntegration */,
			);
			path = RockNRoll;
			sourceTree = "<group>";
		};
		D5F9600D215EDCBE2254334D /* VendorIntegration */ = {
			isa = PBXGroup;
			children = (
				B9CD858D9C42BF13EBDB3F9C /* AdditionalRootTrust.swift */,
				5DB9260C3E8754FB5368FF99 /* AnonymousTokenProvider.swift */,
				E0DDC3D21920474CDC247639 /* CallControls.swift */,
				E5DD3C92B147421C014181FA /* EventRelay.swift */,
				1741E6D891EBA9FB108E4AE0 /* GuestCallLayoutFixture.swift */,
				3F368F0EFC03992D825902F9 /* GuestColorFixtureViewController.swift */,
				FC54A79FFF8952C055E7A7F7 /* GuestIdentity.swift */,
				F1E61E7BB62527702FCC1510 /* GuestSampleBufferView.swift */,
				B756DA6C961B8D0289A606EE /* GuestScreenCapture.swift */,
				EAB474DA91D3DC74B6A0A6CE /* GuestSiteLinkAdapter.swift */,
				49E8939A9D93D27C2352C20B /* GuestStreamViews.swift */,
				0978B250E002B9455D9AD06E /* GuestVideoFrameProcessor.swift */,
				4B250F182880CE4EB00EB820 /* GuestVideoFrameTap.swift */,
				11FE8907579C87CCDFD6B0DC /* GuestVideoPictureInPicture.swift */,
				C31A479481AE9C597DD3B4A1 /* NativeConferenceEngine.swift */,
				2C5C7EE579F37BACDF9E7710 /* VendorEndpointResolver.swift */,
			);
			path = VendorIntegration;
			sourceTree = "<group>";
		};
		DA4E1195A6EAE225E8C05321 /* RockNRollTests */ = {
			isa = PBXGroup;
			children = (
				D3D60B9BDC597842566C6109 /* AudioPipelineDeviceExperimentTests.swift */,
				B2C3A80C7C6D781A2CF24679 /* CallPresentationTests.swift */,
				70E1D2B21C4871293EC9597C /* CatchUpStoreTests.swift */,
				36335245A0855B2E5BC15592 /* ChatStoreTests.swift */,
				137E5631A28C4071CF574A68 /* CloudRoomTransportLiveTests.swift */,
				438B77B82846C21E6041F25D /* DisplayNameTests.swift */,
				3FA2265A1EF1A16DA32A9BA7 /* FavoriteDragStateTests.swift */,
				0C9FECFED16879ABE8E529D2 /* FloatingVideoContentTests.swift */,
				3F7A8F59787FB9FB78206745 /* GuestSiteLinkAdapterTests.swift */,
				908B7BD8621D56B596FE8550 /* GuestVideoFrameTests.swift */,
				C9ECBC97504D70EFB9B2E28C /* JamServiceTests.swift */,
				BCC4C4C953D0E9206D51DD28 /* LocalizationTests.swift */,
				C4091D6233BEB5241015750C /* LocalSharePreviewTests.swift */,
				CC88E9E453A5EA13BE6235C0 /* LocalSharePreviewTransportTests.swift */,
				B308E6CF88B25C5E9B51E130 /* LocalShareTrackPreviewTests.swift */,
				16722E5FE635885822227AA7 /* MacAudioDevicesTests.swift */,
				2105118F321D73B68AE2C312 /* MacCallActivityTests.swift */,
				0541024059C20CE20308E021 /* MeetingContinuationCoordinatorTests.swift */,
				91D329B93E8CC018B62B0B41 /* NormalizationDeviceExperimentTests.swift */,
				86A4407E202F9667E3FAD11D /* OutgoingMediaExperimentTests.swift */,
				8EE31B7E83BA253BE1AD08B4 /* OutgoingMediaLiveTests.swift */,
				1167BF2406C1BD98F1732473 /* RoomHistoryStoreTests.swift */,
				64E5E3314F0E275BAD71BC0B /* RoomMediaPolicyTests.swift */,
				33040F702F0225D226CAF319 /* RoomSyncCoordinatorTests.swift */,
				5A5389C79CA11B6343CA2427 /* SessionOwnershipTests.swift */,
				4C4CA635B347F09002064FE5 /* VideoSubscriptionCoordinatorTests.swift */,
				5D4E2991A548588165E9049E /* VendorIntegration */,
			);
			path = RockNRollTests;
			sourceTree = "<group>";
		};
		E680D93E3830A213621DCA70 /* RockNRollUITests */ = {
			isa = PBXGroup;
			children = (
				54AEAC9A8CBF663384D79667 /* ConferenceMediaUITests.swift */,
				AD56910A0D71A2C43AB9BEBD /* GuestBroadcastLifecycleUITests.swift */,
				FE7E7ABE77FAC05896773221 /* GuestColorUITests.swift */,
				014F1BB5CA2AB0F777D109C3 /* LocalizationUITests.swift */,
				D6054155B3110878C5C33029 /* MacAudioDeviceUITests.swift */,
				A54A60C9AC3CB1C954536BF5 /* MeetingContinuationUITests.swift */,
				4CA55617AFA3B22DCC659978 /* MeetingPresentationUITests.swift */,
				25B3E7D53DBEAD7F16EFFDF8 /* NameEntryUITests.swift */,
				9220E07FD2C07210BDFDAF9D /* PiPMicrophoneUITests.swift */,
				F5B62747320CF4363ED7E58E /* ReviewRegressionUITests.swift */,
				65F648EC831C55B448DD9A37 /* RoomSyncUITests.swift */,
			);
			path = RockNRollUITests;
			sourceTree = "<group>";
		};
		F0180F344B2A34E54724DD80 /* Packages */ = {
			isa = PBXGroup;
			children = (
				D3398AA0F6FDB72AD43F46CB /* ConferenceCore */,
			);
			name = Packages;
			sourceTree = "<group>";
		};
/* End PBXGroup section */

/* Begin PBXNativeTarget section */
		00A6492A8B53C5CD9E8CEB83 /* RockNRollUITests */ = {
			isa = PBXNativeTarget;
			buildConfigurationList = 898A4910B5D8AB22AF73887F /* Build configuration list for PBXNativeTarget "RockNRollUITests" */;
			buildPhases = (
				8CBD1AEE90F809A4447D3219 /* Sources */,
			);
			buildRules = (
			);
			dependencies = (
				5E4C17FCFF389EB89E518579 /* PBXTargetDependency */,
			);
			name = RockNRollUITests;
			packageProductDependencies = (
			);
			productName = RockNRollUITests;
			productReference = 54AB06E7B00CA5AC1FCCC395 /* RockNRollUITests.xctest */;
			productType = "com.apple.product-type.bundle.ui-testing";
		};
		00F6A4F1293B8C7787480AE7 /* GuestBroadcast */ = {
			isa = PBXNativeTarget;
			buildConfigurationList = 735B092B2093F4BA8F8AC916 /* Build configuration list for PBXNativeTarget "GuestBroadcast" */;
			buildPhases = (
				747238072E4EDA52B7C668CD /* Sources */,
				1E6D89CEC915CA4CB79CAFC2 /* Resources */,
				15B1F1C9AE3D485C79925C95 /* Frameworks */,
			);
			buildRules = (
			);
			dependencies = (
			);
			name = GuestBroadcast;
			packageProductDependencies = (
				57D559C6B683E448E9EF28F5 /* JazzSDK */,
			);
			productName = GuestBroadcast;
			productReference = 3CCCF54E4D96F10DF8446D48 /* GuestBroadcast.appex */;
			productType = "com.apple.product-type.app-extension";
		};
		3684F8D4CF9B8F4E1F903F69 /* RockBroadcast */ = {
			isa = PBXNativeTarget;
			buildConfigurationList = B38D77836BAA5B67B8A646DF /* Build configuration list for PBXNativeTarget "RockBroadcast" */;
			buildPhases = (
				A6A0922072E6420342F024D6 /* Sources */,
				4A350AE79F14D85C4E8CDC55 /* Resources */,
				3E71482B1A46AC77DB601383 /* Frameworks */,
			);
			buildRules = (
			);
			dependencies = (
			);
			name = RockBroadcast;
			packageProductDependencies = (
				72993603D3AE089A79E5B15E /* LiveKit */,
			);
			productName = RockBroadcast;
			productReference = 1CE7740CA4FFBA32B49D81D2 /* RockBroadcast.appex */;
			productType = "com.apple.product-type.app-extension";
		};
		5D11BF711A79FE6D7A8A90A7 /* RockNRollTests */ = {
			isa = PBXNativeTarget;
			buildConfigurationList = B5CE3D3A56E2777B11A62037 /* Build configuration list for PBXNativeTarget "RockNRollTests" */;
			buildPhases = (
				FBD03FAA4751CBE1A8126301 /* Sources */,
				F0924B937FFF8DF340D5146B /* Frameworks */,
			);
			buildRules = (
			);
			dependencies = (
				D7B0518128AACBE9E5B3F4F7 /* PBXTargetDependency */,
			);
			name = RockNRollTests;
			packageProductDependencies = (
				19B3E6CDE87195F16EC34103 /* JazzSDK */,
			);
			productName = RockNRollTests;
			productReference = CB1170E4D6D09329D8F325D5 /* RockNRollTests.xctest */;
			productType = "com.apple.product-type.bundle.unit-test";
		};
		B1633D4870119A1C822C5483 /* RockNRoll */ = {
			isa = PBXNativeTarget;
			buildConfigurationList = 23E1298FAA7D05492E63688A /* Build configuration list for PBXNativeTarget "RockNRoll" */;
			buildPhases = (
				34B27D91C49F01F3662BD6DE /* Sources */,
				13EF01324AF89539A718867A /* Resources */,
				816E988E25770A2DE7E7D93B /* Frameworks */,
				EBF56E5C3402BA83C163DFC3 /* Embed Foundation Extensions */,
				A08BE104E6CD5E9297651BC9 /* Copy provider SDK resources */,
			);
			buildRules = (
			);
			dependencies = (
				682351C4DEA063CB00AD8DC5 /* PBXTargetDependency */,
				24D00D82419E84411D8EEF43 /* PBXTargetDependency */,
			);
			name = RockNRoll;
			packageProductDependencies = (
				0B3F91314298394121DA8F1D /* JazzSDK */,
				023105828817798EB4DA9C73 /* ConferenceCore */,
				AB6F15C1E25726E56A54D099 /* LiveKit */,
			);
			productName = RockNRoll;
			productReference = CC42FB720B95DDCB4C47E645 /* RockNRoll.app */;
			productType = "com.apple.product-type.application";
		};
/* End PBXNativeTarget section */

/* Begin PBXProject section */
		B0B80D54AB9B634D320FE51D /* Project object */ = {
			isa = PBXProject;
			attributes = {
				BuildIndependentTargetsInParallel = YES;
				LastUpgradeCheck = 1430;
				TargetAttributes = {
					00A6492A8B53C5CD9E8CEB83 = {
						DevelopmentTeam = 5V64BP2H3P;
						ProvisioningStyle = Automatic;
						TestTargetID = B1633D4870119A1C822C5483;
					};
					00F6A4F1293B8C7787480AE7 = {
						DevelopmentTeam = 5V64BP2H3P;
						ProvisioningStyle = Automatic;
					};
					3684F8D4CF9B8F4E1F903F69 = {
						DevelopmentTeam = 5V64BP2H3P;
						ProvisioningStyle = Automatic;
					};
					5D11BF711A79FE6D7A8A90A7 = {
						DevelopmentTeam = 5V64BP2H3P;
						ProvisioningStyle = Automatic;
					};
					B1633D4870119A1C822C5483 = {
						DevelopmentTeam = 5V64BP2H3P;
						ProvisioningStyle = Automatic;
					};
				};
			};
			buildConfigurationList = 17DE781B5780877A8C183610 /* Build configuration list for PBXProject "RockNRoll" */;
			developmentRegion = en;
			hasScannedForEncodings = 0;
			knownRegions = (
				Base,
				en,
				ru,
			);
			mainGroup = 338D4E44E4BA43D7DA8F21F9;
			minimizedProjectReferenceProxies = 1;
			packageReferences = (
				F9F8D192EC109A45CD86AF9F /* XCRemoteSwiftPackageReference "jazz-ios-sdk" */,
				36607511BEEFA22968AB3E84 /* XCRemoteSwiftPackageReference "client-sdk-swift" */,
				A1978F2AD8396DBE4B0BF1C1 /* XCLocalSwiftPackageReference "ConferenceCore" */,
			);
			preferredProjectObjectVersion = 77;
			productRefGroup = 2835BD9AF29D4B9549DF8290 /* Products */;
			projectDirPath = "";
			projectRoot = "";
			targets = (
				B1633D4870119A1C822C5483 /* RockNRoll */,
				3684F8D4CF9B8F4E1F903F69 /* RockBroadcast */,
				00F6A4F1293B8C7787480AE7 /* GuestBroadcast */,
				5D11BF711A79FE6D7A8A90A7 /* RockNRollTests */,
				00A6492A8B53C5CD9E8CEB83 /* RockNRollUITests */,
			);
		};
/* End PBXProject section */

/* Begin PBXResourcesBuildPhase section */
		13EF01324AF89539A718867A /* Resources */ = {
			isa = PBXResourcesBuildPhase;
			buildActionMask = 2147483647;
			files = (
				39A122CD5DC9D10C3DCC29DA /* Assets.xcassets in Resources */,
				A6B7066F04A854827E9466A5 /* InfoPlist.strings in Resources */,
				89311DB1696CAA632627CC3D /* JazzScreenShareResources.bundle in Resources */,
				AB028C03E1A572AB2D347562 /* Localizable.strings in Resources */,
				A84E5AF54AB0C60B1F0F65BC /* Localizable.stringsdict in Resources */,
			);
			runOnlyForDeploymentPostprocessing = 0;
		};
		1E6D89CEC915CA4CB79CAFC2 /* Resources */ = {
			isa = PBXResourcesBuildPhase;
			buildActionMask = 2147483647;
			files = (
				78971867C7199811A6A89C22 /* InfoPlist.strings in Resources */,
				4E36E94283559C9D8A9D9DD3 /* JazzScreenShareResources.bundle in Resources */,
				A6063918AFB2F56E917CC690 /* Localizable.strings in Resources */,
			);
			runOnlyForDeploymentPostprocessing = 0;
		};
		4A350AE79F14D85C4E8CDC55 /* Resources */ = {
			isa = PBXResourcesBuildPhase;
			buildActionMask = 2147483647;
			files = (
				8BDFD9AC17F1B6FC24C4F4A5 /* InfoPlist.strings in Resources */,
			);
			runOnlyForDeploymentPostprocessing = 0;
		};
/* End PBXResourcesBuildPhase section */

/* Begin PBXShellScriptBuildPhase section */
		A08BE104E6CD5E9297651BC9 /* Copy provider SDK resources */ = {
			isa = PBXShellScriptBuildPhase;
			alwaysOutOfDate = 1;
			buildActionMask = 2147483647;
			files = (
			);
			inputFileListPaths = (
			);
			inputPaths = (
			);
			name = "Copy provider SDK resources";
			outputFileListPaths = (
			);
			outputPaths = (
				"$(TARGET_BUILD_DIR)/$(UNLOCALIZED_RESOURCES_FOLDER_PATH)/DevicesDesignSystemResources.bundle",
				"$(TARGET_BUILD_DIR)/$(UNLOCALIZED_RESOURCES_FOLDER_PATH)/JazzResources.bundle",
				"$(TARGET_BUILD_DIR)/$(UNLOCALIZED_RESOURCES_FOLDER_PATH)/SDUIResources.bundle",
				"$(TARGET_BUILD_DIR)/$(FRAMEWORKS_FOLDER_PATH)/Spench.framework",
			);
			runOnlyForDeploymentPostprocessing = 0;
			shellPath = /bin/sh;
			shellScript = "bash \"$PROJECT_DIR/scripts/copy-sdk-resources.sh\"";
		};
/* End PBXShellScriptBuildPhase section */

/* Begin PBXSourcesBuildPhase section */
		34B27D91C49F01F3662BD6DE /* Sources */ = {
			isa = PBXSourcesBuildPhase;
			buildActionMask = 2147483647;
			files = (
				F4FC62A22ECE7E6441E1452D /* AdditionalRootTrust.swift in Sources */,
				2E7ACBEBBF9B770C63EBAFB5 /* AnonymousTokenProvider.swift in Sources */,
				1D215FCF2BF4D33961AB1F25 /* AppDelegate.swift in Sources */,
				964484C8436C0EA4F90E16BD /* AudioCoordinator.swift in Sources */,
				08245B21B07D8A02CAB118A4 /* CallControls.swift in Sources */,
				C76BB9AFEC30C10D989FBF79 /* CallEngine.swift in Sources */,
				F0EA7A766DAD552DC1E24EA8 /* CallFocusController.swift in Sources */,
				890C09AE7B3441DF9E70D1DD /* CallKeyboardCommands.swift in Sources */,
				0B8DB92453A275822334C6F9 /* CallPresentation.swift in Sources */,
				4F5F7BA8926964B140724425 /* CallWorkspaceControls.swift in Sources */,
				F83BA0F1E80BE3E3C12C692A /* CatchUpCardsView.swift in Sources */,
				DCB9C347482577A35E60FBF7 /* CatchUpStore.swift in Sources */,
				3B8C312FD7D35EF6922D7539 /* CatchUpText.swift in Sources */,
				D9E827D41E62EC8E63511272 /* ChatStore.swift in Sources */,
				DFA97014FF6DE00F01A831DE /* CloudRoomTransport.swift in Sources */,
				9554DB9BCCF4400903CCA0BB /* ConferenceDisplayMode.swift in Sources */,
				25420BE3DAA57AE04ADC66A6 /* ConferenceModel+Continuation.swift in Sources */,
				7715492FDE15C262A39D2B74 /* ConferenceModel.swift in Sources */,
				9FDC5FCBA12DEC6FA1485263 /* ContinuationBanner.swift in Sources */,
				CDDEE70553C1B8CF7AABD492 /* ConversationPanelViewController.swift in Sources */,
				915DAB4B920E1EB0274822DE /* EventRelay.swift in Sources */,
				74C1DABCFFFC93B2D4096BA5 /* FavoriteDragState.swift in Sources */,
				834AACCDD5E41D3D2D7924E6 /* FavoriteRoomRow.swift in Sources */,
				772D6857C9D1ADD26D37C906 /* FloatingVideoContentView.swift in Sources */,
				CA2328A007DE4223C0D0CA82 /* FloatingVideoController.swift in Sources */,
				1F35805A29943F09662AEB20 /* FloatingVideoPreference.swift in Sources */,
				7ECAE69B4571F80DBEE4733F /* GuestBroadcastStop.swift in Sources */,
				9DFA58C919E7493ACE1BCEC1 /* GuestCallLayoutFixture.swift in Sources */,
				0404C944CB6DE7D37D409B83 /* GuestColorFixtureViewController.swift in Sources */,
				4510D964728C36F5FE264FAE /* GuestIdentity.swift in Sources */,
				C8AF96D7FA1436CEDAEE8E5F /* GuestSampleBufferView.swift in Sources */,
				7CE9DD1C0D26F8BFD632134E /* GuestScreenCapture.swift in Sources */,
				380277071DCDE8182BEE081F /* GuestSiteLinkAdapter.swift in Sources */,
				1CC2B05D459CDF2803AA2BB3 /* GuestStreamViews.swift in Sources */,
				A48340505EAAA06923521161 /* GuestVideoFrameProcessor.swift in Sources */,
				D0252200EC7E1912249B10F1 /* GuestVideoFrameTap.swift in Sources */,
				64FA40B018F31D9C80C32016 /* GuestVideoPictureInPicture.swift in Sources */,
				4AC8928ADB0FDC4C1F6565AB /* JamService.swift in Sources */,
				874E54A0C9EDF053C688FC85 /* JoinView.swift in Sources */,
				F5C8BBFDF0EC60104E10E408 /* LocalSharePreview.swift in Sources */,
				6F72AE6B58168231C0486FD9 /* LocalSharePreviewTransport.swift in Sources */,
				5158F4013404FEE1CF765E97 /* LocalShareTrackPreview.swift in Sources */,
				E7236E038487F47916697EA6 /* Localization.swift in Sources */,
				BA13C0BE82B43295F3C31D18 /* MacAudioDevicePicker.swift in Sources */,
				2593C91EC0BDEDB8C8A41392 /* MacAudioDevices.swift in Sources */,
				5D2B789765607B60BFE9D4E4 /* MacCallActivity.swift in Sources */,
				544E96D769100F2FFC63B7EE /* MeetingContinuationCloud.swift in Sources */,
				6EA10BC4A476C1D29204AE43 /* MeetingContinuationCoordinator.swift in Sources */,
				B3193389B871F476C1298C8B /* MeetingContinuationLiveFixture.swift in Sources */,
				C1CB191C2CC80344A1C3337C /* MeetingContinuationUIFixture.swift in Sources */,
				6B35D5B37D06B2C9FC4F0D0F /* MeetingContinuationView.swift in Sources */,
				0ABE8A6E964F738D6B1C74B5 /* MeetingWebsitePresenter.swift in Sources */,
				21570B208BECECA604469258 /* NSLayoutConstraint+Priority.swift in Sources */,
				51BCF010D44BD48C794D74EA /* NativeConferenceEngine.swift in Sources */,
				3BB94F45FBCB124E6CCAE49E /* OutgoingRoomExperiment.swift in Sources */,
				01DA0B5770F5559D5AFAF33A /* OutgoingShareExperiment.swift in Sources */,
				98CD9CB2AEB2F788DC8CB4AE /* ParticipantPanelViewController.swift in Sources */,
				5657B4B4BF4A614B1784F6B2 /* PiPMicrophoneFixtureViewController.swift in Sources */,
				D44F3CA4202ADBEDB878DC84 /* RockCallViewController.swift in Sources */,
				0F1E328D1D17EB3FBC4BBB80 /* RockRoomEngine.swift in Sources */,
				A0D3A3026370550A166E4F2A /* RockVideoPictureInPicture.swift in Sources */,
				8EB0755F8EF29A4FEA8F9AE9 /* RoomHistoryStore.swift in Sources */,
				1E4D06DEC5D20E4D142D3243 /* RoomMediaPolicy.swift in Sources */,
				89A5D36AFF45E97D225E8F65 /* RoomSyncCoordinator.swift in Sources */,
				04BE01C06E14D4D2BAEACA91 /* RoomSyncLiveProbe.swift in Sources */,
				0145989841EB0E92681768AB /* RoomSyncSettingsView.swift in Sources */,
				2B56CB9B10F7E7D0C38CB657 /* RoomSyncUIFixture.swift in Sources */,
				864D8CEB2EF1F12219F2AEC7 /* SceneDelegate+Fixtures.swift in Sources */,
				459BD79F3E24CA87ADA9F089 /* SceneDelegate.swift in Sources */,
				B390D3BA41CDB930AF496177 /* StreamViewport.swift in Sources */,
				5F64DAC22A14144A6758CE7F /* SystemCallCoordinator.swift in Sources */,
				E61B81F919301455353210C3 /* VendorEndpointResolver.swift in Sources */,
				9424C35613861911FB58183D /* VideoSubscriptionCoordinator.swift in Sources */,
			);
			runOnlyForDeploymentPostprocessing = 0;
		};
		747238072E4EDA52B7C668CD /* Sources */ = {
			isa = PBXSourcesBuildPhase;
			buildActionMask = 2147483647;
			files = (
				39FC79EBE991260A8057C6AB /* GuestBroadcastStop.swift in Sources */,
				5EB749AEE0A7D2CAA504D0B1 /* LocalSharePreviewTransport.swift in Sources */,
				BEC243131F30647E683B8FDB /* Localization.swift in Sources */,
				2128C5C3A0577197295EEC96 /* OutgoingShareExperiment.swift in Sources */,
				4D46045EFF13D15BC016E8F9 /* SampleHandler.swift in Sources */,
			);
			runOnlyForDeploymentPostprocessing = 0;
		};
		8CBD1AEE90F809A4447D3219 /* Sources */ = {
			isa = PBXSourcesBuildPhase;
			buildActionMask = 2147483647;
			files = (
				1D9636718D82A88CBF3B1B20 /* ConferenceMediaUITests.swift in Sources */,
				4191EE91F0E3DD1BAD51424B /* GuestBroadcastLifecycleUITests.swift in Sources */,
				E790C8615063FA4E4E5E76BA /* GuestColorUITests.swift in Sources */,
				07DC662E323F7A0BEF5ABD97 /* LocalizationUITests.swift in Sources */,
				328C37B40535A23BCCF8F29C /* MacAudioDeviceUITests.swift in Sources */,
				EF1B7F865B1FD6B946C4D13D /* MeetingContinuationUITests.swift in Sources */,
				CA715F9D35BBBB15E40B2B3C /* MeetingPresentationUITests.swift in Sources */,
				FD504DE1027F7EF3521DDD09 /* NameEntryUITests.swift in Sources */,
				C0E9815B9D93822773CAEAEF /* PiPMicrophoneUITests.swift in Sources */,
				B134CD8859004C6BA0333EED /* ReviewRegressionUITests.swift in Sources */,
				DB67BC27E439A130FAA4FF10 /* RoomSyncUITests.swift in Sources */,
			);
			runOnlyForDeploymentPostprocessing = 0;
		};
		A6A0922072E6420342F024D6 /* Sources */ = {
			isa = PBXSourcesBuildPhase;
			buildActionMask = 2147483647;
			files = (
				F372B3CC2FE375267CBA4AF7 /* SampleHandler.swift in Sources */,
			);
			runOnlyForDeploymentPostprocessing = 0;
		};
		FBD03FAA4751CBE1A8126301 /* Sources */ = {
			isa = PBXSourcesBuildPhase;
			buildActionMask = 2147483647;
			files = (
				3A58579519F6F58B33BD69E8 /* AudioPipelineDeviceExperimentTests.swift in Sources */,
				4122B33EF757A3B9929EC51A /* CallPresentationTests.swift in Sources */,
				23DE3D169843E74CAA125E65 /* CatchUpStoreTests.swift in Sources */,
				05C6EA4C3F9A2DE876113A9D /* ChatStoreTests.swift in Sources */,
				ED01B9897B6498D41959E5DE /* CloudRoomTransportLiveTests.swift in Sources */,
				4F7D5CD26D51A11CF067FCBB /* DisplayNameTests.swift in Sources */,
				2F34AD7402CF94258E19FB69 /* FavoriteDragStateTests.swift in Sources */,
				A0ED65C0456B8BC3BD5A2E05 /* FloatingVideoContentTests.swift in Sources */,
				ECB1DF9730064526359FD8D8 /* GuestSiteLinkAdapterTests.swift in Sources */,
				854816A56F9A823805D6270C /* GuestStreamSelectionTests.swift in Sources */,
				0E9EE5795A57769858BFC5C4 /* GuestVideoFrameTests.swift in Sources */,
				8F43AA9F0044B87E68E3646E /* JamServiceTests.swift in Sources */,
				EBFB29EAF0E158D02A7D994A /* LocalSharePreviewTests.swift in Sources */,
				6FA8AF8715C2CC1F53AB3094 /* LocalSharePreviewTransportTests.swift in Sources */,
				4C4825217F464DDE8D8593E6 /* LocalShareTrackPreviewTests.swift in Sources */,
				9F20C0EB4FF5DF0DE043CCE3 /* LocalizationTests.swift in Sources */,
				DB8BD5D1A44C59F08C1C7DE7 /* MacAudioDevicesTests.swift in Sources */,
				48EDBDC71ECEDC5C5D5DC15F /* MacCallActivityTests.swift in Sources */,
				EB23FB333D168A19E2E5AE68 /* MeetingContinuationCoordinatorTests.swift in Sources */,
				3B052FCA1D23D627E1CF1043 /* NormalizationDeviceExperimentTests.swift in Sources */,
				E6D3FD1ABE16896F34EB1C5B /* OutgoingMediaExperimentTests.swift in Sources */,
				1757927E6A4BAF69164DAF70 /* OutgoingMediaLiveTests.swift in Sources */,
				B7CD6BF98C916A53E12F28A6 /* RoomHistoryStoreTests.swift in Sources */,
				3506EE7FF946AD19F4E3CB1E /* RoomMediaPolicyTests.swift in Sources */,
				DD76B7C3FFD74D6416883136 /* RoomSyncCoordinatorTests.swift in Sources */,
				ED2CC8CCA7516E5980D91315 /* SessionOwnershipTests.swift in Sources */,
				63349913ADE097BA69743188 /* VideoSubscriptionCoordinatorTests.swift in Sources */,
			);
			runOnlyForDeploymentPostprocessing = 0;
		};
/* End PBXSourcesBuildPhase section */

/* Begin PBXTargetDependency section */
		24D00D82419E84411D8EEF43 /* PBXTargetDependency */ = {
			isa = PBXTargetDependency;
			target = 00F6A4F1293B8C7787480AE7 /* GuestBroadcast */;
			targetProxy = 8F1EDE65CCF4800AD75A326F /* PBXContainerItemProxy */;
		};
		5E4C17FCFF389EB89E518579 /* PBXTargetDependency */ = {
			isa = PBXTargetDependency;
			target = B1633D4870119A1C822C5483 /* RockNRoll */;
			targetProxy = FAF93D45D9A607FEA70FD71E /* PBXContainerItemProxy */;
		};
		682351C4DEA063CB00AD8DC5 /* PBXTargetDependency */ = {
			isa = PBXTargetDependency;
			target = 3684F8D4CF9B8F4E1F903F69 /* RockBroadcast */;
			targetProxy = B332DF9B61AD284E793910EC /* PBXContainerItemProxy */;
		};
		D7B0518128AACBE9E5B3F4F7 /* PBXTargetDependency */ = {
			isa = PBXTargetDependency;
			target = B1633D4870119A1C822C5483 /* RockNRoll */;
			targetProxy = FA7E8BB84621C16E4B7C8E0A /* PBXContainerItemProxy */;
		};
/* End PBXTargetDependency section */

/* Begin PBXVariantGroup section */
		3CA9B0FEDF87494E0F7E8261 /* Localizable.strings */ = {
			isa = PBXVariantGroup;
			children = (
				8CD40516B8DF9183003C367E /* en */,
				941F94DECD3BB3D582054218 /* ru */,
			);
			name = Localizable.strings;
			sourceTree = "<group>";
		};
		7BCD34E88A44968F63E4DFD1 /* InfoPlist.strings */ = {
			isa = PBXVariantGroup;
			children = (
				E178AB7DB956D0DFD7D75D31 /* en */,
				1EDD989FDAE55ECAD8F48D9E /* ru */,
			);
			name = InfoPlist.strings;
			sourceTree = "<group>";
		};
		86346ACDCB5DD9F32BC51401 /* InfoPlist.strings */ = {
			isa = PBXVariantGroup;
			children = (
				9B966C1B0154B0A50F606CCB /* en */,
				E6BECE9295285CD0B510CC19 /* ru */,
			);
			name = InfoPlist.strings;
			sourceTree = "<group>";
		};
		93AAC86B2D4D8F6CE7FA6694 /* Localizable.strings */ = {
			isa = PBXVariantGroup;
			children = (
				DFFFE5408FE87945860DDB8F /* en */,
				BB9F78F51F928A3AE8E2561B /* ru */,
			);
			name = Localizable.strings;
			sourceTree = "<group>";
		};
		D75611CBD0EC5F3C490CFE82 /* Localizable.stringsdict */ = {
			isa = PBXVariantGroup;
			children = (
				01871A6BA563D6B33F8F1592 /* en */,
				DD573672F58CD87BE5C3118D /* ru */,
			);
			name = Localizable.stringsdict;
			sourceTree = "<group>";
		};
		F2AC2A05DFF407FD96CD3930 /* InfoPlist.strings */ = {
			isa = PBXVariantGroup;
			children = (
				D7142F46F04970CAF6D141DF /* en */,
				3B8565722651DABA4F828498 /* ru */,
			);
			name = InfoPlist.strings;
			sourceTree = "<group>";
		};
/* End PBXVariantGroup section */

/* Begin XCBuildConfiguration section */
		19A9983C58EA5D9DD69F814A /* Debug */ = {
			isa = XCBuildConfiguration;
			buildSettings = {
				BUNDLE_LOADER = "$(TEST_HOST)";
				CODE_SIGN_STYLE = Automatic;
				DEVELOPMENT_TEAM = 5V64BP2H3P;
				GENERATE_INFOPLIST_FILE = YES;
				LD_RUNPATH_SEARCH_PATHS = (
					"$(inherited)",
					"@executable_path/Frameworks",
					"@loader_path/Frameworks",
				);
				PRODUCT_BUNDLE_IDENTIFIER = dev.vsmirn0v.conferenceguest.tests;
				SDKROOT = iphoneos;
				SWIFT_VERSION = 5.0;
				TARGETED_DEVICE_FAMILY = "1,2";
				TEST_HOST = "$(BUILT_PRODUCTS_DIR)/RockNRoll.app/RockNRoll";
			};
			name = Debug;
		};
		2D96FA96EC1F1FC1646EBABE /* Debug */ = {
			isa = XCBuildConfiguration;
			buildSettings = {
				BUNDLE_LOADER = "$(TEST_HOST)";
				CODE_SIGN_STYLE = Automatic;
				DEVELOPMENT_TEAM = 5V64BP2H3P;
				GENERATE_INFOPLIST_FILE = YES;
				IPHONEOS_DEPLOYMENT_TARGET = 16.4;
				LD_RUNPATH_SEARCH_PATHS = (
					"$(inherited)",
					"@executable_path/Frameworks",
					"@loader_path/Frameworks",
				);
				PRODUCT_BUNDLE_IDENTIFIER = dev.vsmirn0v.conferenceguest.uitests;
				SDKROOT = iphoneos;
				SWIFT_VERSION = 5.0;
				TARGETED_DEVICE_FAMILY = "1,2";
				TEST_TARGET_NAME = RockNRoll;
			};
			name = Debug;
		};
		3498D537EFD4DA5BFD9A1B01 /* Release */ = {
			isa = XCBuildConfiguration;
			buildSettings = {
				BUNDLE_LOADER = "$(TEST_HOST)";
				CODE_SIGN_STYLE = Automatic;
				DEVELOPMENT_TEAM = 5V64BP2H3P;
				GENERATE_INFOPLIST_FILE = YES;
				LD_RUNPATH_SEARCH_PATHS = (
					"$(inherited)",
					"@executable_path/Frameworks",
					"@loader_path/Frameworks",
				);
				PRODUCT_BUNDLE_IDENTIFIER = dev.vsmirn0v.conferenceguest.tests;
				SDKROOT = iphoneos;
				SWIFT_VERSION = 5.0;
				TARGETED_DEVICE_FAMILY = "1,2";
				TEST_HOST = "$(BUILT_PRODUCTS_DIR)/RockNRoll.app/RockNRoll";
			};
			name = Release;
		};
		5CA0A3E6510ED87529FDE1C0 /* Release */ = {
			isa = XCBuildConfiguration;
			buildSettings = {
				ALWAYS_SEARCH_USER_PATHS = NO;
				CLANG_ANALYZER_NONNULL = YES;
				CLANG_ANALYZER_NUMBER_OBJECT_CONVERSION = YES_AGGRESSIVE;
				CLANG_CXX_LANGUAGE_STANDARD = "gnu++14";
				CLANG_CXX_LIBRARY = "libc++";
				CLANG_ENABLE_MODULES = YES;
				CLANG_ENABLE_OBJC_ARC = YES;
				CLANG_ENABLE_OBJC_WEAK = YES;
				CLANG_WARN_BLOCK_CAPTURE_AUTORELEASING = YES;
				CLANG_WARN_BOOL_CONVERSION = YES;
				CLANG_WARN_COMMA = YES;
				CLANG_WARN_CONSTANT_CONVERSION = YES;
				CLANG_WARN_DEPRECATED_OBJC_IMPLEMENTATIONS = YES;
				CLANG_WARN_DIRECT_OBJC_ISA_USAGE = YES_ERROR;
				CLANG_WARN_DOCUMENTATION_COMMENTS = YES;
				CLANG_WARN_EMPTY_BODY = YES;
				CLANG_WARN_ENUM_CONVERSION = YES;
				CLANG_WARN_INFINITE_RECURSION = YES;
				CLANG_WARN_INT_CONVERSION = YES;
				CLANG_WARN_NON_LITERAL_NULL_CONVERSION = YES;
				CLANG_WARN_OBJC_IMPLICIT_RETAIN_SELF = YES;
				CLANG_WARN_OBJC_LITERAL_CONVERSION = YES;
				CLANG_WARN_OBJC_ROOT_CLASS = YES_ERROR;
				CLANG_WARN_QUOTED_INCLUDE_IN_FRAMEWORK_HEADER = YES;
				CLANG_WARN_RANGE_LOOP_ANALYSIS = YES;
				CLANG_WARN_STRICT_PROTOTYPES = YES;
				CLANG_WARN_SUSPICIOUS_MOVE = YES;
				CLANG_WARN_UNGUARDED_AVAILABILITY = YES_AGGRESSIVE;
				CLANG_WARN_UNREACHABLE_CODE = YES;
				CLANG_WARN__DUPLICATE_METHOD_MATCH = YES;
				COPY_PHASE_STRIP = NO;
				DEBUG_INFORMATION_FORMAT = "dwarf-with-dsym";
				ENABLE_NS_ASSERTIONS = NO;
				ENABLE_STRICT_OBJC_MSGSEND = YES;
				GCC_C_LANGUAGE_STANDARD = gnu11;
				GCC_NO_COMMON_BLOCKS = YES;
				GCC_WARN_64_TO_32_BIT_CONVERSION = YES;
				GCC_WARN_ABOUT_RETURN_TYPE = YES_ERROR;
				GCC_WARN_UNDECLARED_SELECTOR = YES;
				GCC_WARN_UNINITIALIZED_AUTOS = YES_AGGRESSIVE;
				GCC_WARN_UNUSED_FUNCTION = YES;
				GCC_WARN_UNUSED_VARIABLE = YES;
				IPHONEOS_DEPLOYMENT_TARGET = 16.0;
				MTL_ENABLE_DEBUG_INFO = NO;
				MTL_FAST_MATH = YES;
				PRODUCT_NAME = "$(TARGET_NAME)";
				SDKROOT = iphoneos;
				SWIFT_COMPILATION_MODE = wholemodule;
				SWIFT_OPTIMIZATION_LEVEL = "-O";
				SWIFT_VERSION = 5.0;
			};
			name = Release;
		};
		822AFBF84E209AD9E2455BF7 /* Debug */ = {
			isa = XCBuildConfiguration;
			buildSettings = {
				APPLICATION_EXTENSION_API_ONLY = YES;
				CODE_SIGN_ENTITLEMENTS = GuestBroadcast/Extension.entitlements;
				CODE_SIGN_STYLE = Automatic;
				DEVELOPMENT_TEAM = 5V64BP2H3P;
				FRAMEWORK_SEARCH_PATHS = (
					"$(inherited)",
					"\"GuestBroadcast/VendorSDK\"",
				);
				GENERATE_INFOPLIST_FILE = NO;
				INFOPLIST_FILE = GuestBroadcast/Info.plist;
				LD_RUNPATH_SEARCH_PATHS = (
					"$(inherited)",
					"@executable_path/Frameworks",
					"@executable_path/../../Frameworks",
				);
				PRODUCT_BUNDLE_IDENTIFIER = dev.vsmirn0v.conferenceguest.guestbroadcast;
				SDKROOT = iphoneos;
				SWIFT_VERSION = 5.0;
				TARGETED_DEVICE_FAMILY = "1,2";
			};
			name = Debug;
		};
		9B245D10B08D366E4560B034 /* Release */ = {
			isa = XCBuildConfiguration;
			buildSettings = {
				BUNDLE_LOADER = "$(TEST_HOST)";
				CODE_SIGN_STYLE = Automatic;
				DEVELOPMENT_TEAM = 5V64BP2H3P;
				GENERATE_INFOPLIST_FILE = YES;
				IPHONEOS_DEPLOYMENT_TARGET = 16.4;
				LD_RUNPATH_SEARCH_PATHS = (
					"$(inherited)",
					"@executable_path/Frameworks",
					"@loader_path/Frameworks",
				);
				PRODUCT_BUNDLE_IDENTIFIER = dev.vsmirn0v.conferenceguest.uitests;
				SDKROOT = iphoneos;
				SWIFT_VERSION = 5.0;
				TARGETED_DEVICE_FAMILY = "1,2";
				TEST_TARGET_NAME = RockNRoll;
			};
			name = Release;
		};
		BBD6E088F46B45D82F665871 /* Release */ = {
			isa = XCBuildConfiguration;
			buildSettings = {
				APPLICATION_EXTENSION_API_ONLY = YES;
				CODE_SIGN_ENTITLEMENTS = RockBroadcast/Extension.entitlements;
				CODE_SIGN_STYLE = Automatic;
				DEVELOPMENT_TEAM = 5V64BP2H3P;
				GENERATE_INFOPLIST_FILE = NO;
				INFOPLIST_FILE = RockBroadcast/Info.plist;
				LD_RUNPATH_SEARCH_PATHS = (
					"$(inherited)",
					"@executable_path/Frameworks",
					"@executable_path/../../Frameworks",
				);
				PRODUCT_BUNDLE_IDENTIFIER = dev.vsmirn0v.conferenceguest.broadcast;
				SDKROOT = iphoneos;
				SWIFT_VERSION = 5.0;
				TARGETED_DEVICE_FAMILY = "1,2";
			};
			name = Release;
		};
		C9EF7BE7F46BBE2A72A0A32B /* Debug */ = {
			isa = XCBuildConfiguration;
			buildSettings = {
				ALWAYS_SEARCH_USER_PATHS = NO;
				CLANG_ANALYZER_NONNULL = YES;
				CLANG_ANALYZER_NUMBER_OBJECT_CONVERSION = YES_AGGRESSIVE;
				CLANG_CXX_LANGUAGE_STANDARD = "gnu++14";
				CLANG_CXX_LIBRARY = "libc++";
				CLANG_ENABLE_MODULES = YES;
				CLANG_ENABLE_OBJC_ARC = YES;
				CLANG_ENABLE_OBJC_WEAK = YES;
				CLANG_WARN_BLOCK_CAPTURE_AUTORELEASING = YES;
				CLANG_WARN_BOOL_CONVERSION = YES;
				CLANG_WARN_COMMA = YES;
				CLANG_WARN_CONSTANT_CONVERSION = YES;
				CLANG_WARN_DEPRECATED_OBJC_IMPLEMENTATIONS = YES;
				CLANG_WARN_DIRECT_OBJC_ISA_USAGE = YES_ERROR;
				CLANG_WARN_DOCUMENTATION_COMMENTS = YES;
				CLANG_WARN_EMPTY_BODY = YES;
				CLANG_WARN_ENUM_CONVERSION = YES;
				CLANG_WARN_INFINITE_RECURSION = YES;
				CLANG_WARN_INT_CONVERSION = YES;
				CLANG_WARN_NON_LITERAL_NULL_CONVERSION = YES;
				CLANG_WARN_OBJC_IMPLICIT_RETAIN_SELF = YES;
				CLANG_WARN_OBJC_LITERAL_CONVERSION = YES;
				CLANG_WARN_OBJC_ROOT_CLASS = YES_ERROR;
				CLANG_WARN_QUOTED_INCLUDE_IN_FRAMEWORK_HEADER = YES;
				CLANG_WARN_RANGE_LOOP_ANALYSIS = YES;
				CLANG_WARN_STRICT_PROTOTYPES = YES;
				CLANG_WARN_SUSPICIOUS_MOVE = YES;
				CLANG_WARN_UNGUARDED_AVAILABILITY = YES_AGGRESSIVE;
				CLANG_WARN_UNREACHABLE_CODE = YES;
				CLANG_WARN__DUPLICATE_METHOD_MATCH = YES;
				COPY_PHASE_STRIP = NO;
				DEBUG_INFORMATION_FORMAT = dwarf;
				ENABLE_STRICT_OBJC_MSGSEND = YES;
				ENABLE_TESTABILITY = YES;
				GCC_C_LANGUAGE_STANDARD = gnu11;
				GCC_DYNAMIC_NO_PIC = NO;
				GCC_NO_COMMON_BLOCKS = YES;
				GCC_OPTIMIZATION_LEVEL = 0;
				GCC_PREPROCESSOR_DEFINITIONS = (
					"$(inherited)",
					"DEBUG=1",
				);
				GCC_WARN_64_TO_32_BIT_CONVERSION = YES;
				GCC_WARN_ABOUT_RETURN_TYPE = YES_ERROR;
				GCC_WARN_UNDECLARED_SELECTOR = YES;
				GCC_WARN_UNINITIALIZED_AUTOS = YES_AGGRESSIVE;
				GCC_WARN_UNUSED_FUNCTION = YES;
				GCC_WARN_UNUSED_VARIABLE = YES;
				IPHONEOS_DEPLOYMENT_TARGET = 16.0;
				MTL_ENABLE_DEBUG_INFO = INCLUDE_SOURCE;
				MTL_FAST_MATH = YES;
				ONLY_ACTIVE_ARCH = YES;
				PRODUCT_NAME = "$(TARGET_NAME)";
				SDKROOT = iphoneos;
				SWIFT_ACTIVE_COMPILATION_CONDITIONS = DEBUG;
				SWIFT_OPTIMIZATION_LEVEL = "-Onone";
				SWIFT_VERSION = 5.0;
			};
			name = Debug;
		};
		D59824D1710166FC50947E57 /* Debug */ = {
			isa = XCBuildConfiguration;
			buildSettings = {
				APPLICATION_EXTENSION_API_ONLY = YES;
				CODE_SIGN_ENTITLEMENTS = RockBroadcast/Extension.entitlements;
				CODE_SIGN_STYLE = Automatic;
				DEVELOPMENT_TEAM = 5V64BP2H3P;
				GENERATE_INFOPLIST_FILE = NO;
				INFOPLIST_FILE = RockBroadcast/Info.plist;
				LD_RUNPATH_SEARCH_PATHS = (
					"$(inherited)",
					"@executable_path/Frameworks",
					"@executable_path/../../Frameworks",
				);
				PRODUCT_BUNDLE_IDENTIFIER = dev.vsmirn0v.conferenceguest.broadcast;
				SDKROOT = iphoneos;
				SWIFT_VERSION = 5.0;
				TARGETED_DEVICE_FAMILY = "1,2";
			};
			name = Debug;
		};
		DDC1EF8D8BA9023F02A8B72F /* Release */ = {
			isa = XCBuildConfiguration;
			buildSettings = {
				ASSETCATALOG_COMPILER_APPICON_NAME = AppIcon;
				CLOUDKIT_ENVIRONMENT = Production;
				CODE_SIGN_ENTITLEMENTS = RockNRoll/App.entitlements;
				CODE_SIGN_IDENTITY = "iPhone Developer";
				CODE_SIGN_STYLE = Automatic;
				DEVELOPMENT_TEAM = 5V64BP2H3P;
				ENABLE_USER_SCRIPT_SANDBOXING = NO;
				FRAMEWORK_SEARCH_PATHS = (
					"$(inherited)",
					"\"GuestBroadcast/VendorSDK\"",
				);
				GENERATE_INFOPLIST_FILE = NO;
				INFOPLIST_FILE = RockNRoll/Info.plist;
				JOIN_LINK_HOST = "";
				LD_RUNPATH_SEARCH_PATHS = (
					"$(inherited)",
					"@executable_path/Frameworks",
				);
				PRODUCT_BUNDLE_IDENTIFIER = dev.vsmirn0v.conferenceguest;
				SDKROOT = iphoneos;
				SWIFT_VERSION = 5.0;
				TARGETED_DEVICE_FAMILY = "1,2";
			};
			name = Release;
		};
		E28C2AF7C9D9AC73351ADD88 /* Debug */ = {
			isa = XCBuildConfiguration;
			buildSettings = {
				ASSETCATALOG_COMPILER_APPICON_NAME = AppIcon;
				CLOUDKIT_ENVIRONMENT = Development;
				CODE_SIGN_ENTITLEMENTS = RockNRoll/App.entitlements;
				CODE_SIGN_IDENTITY = "iPhone Developer";
				CODE_SIGN_STYLE = Automatic;
				DEVELOPMENT_TEAM = 5V64BP2H3P;
				ENABLE_USER_SCRIPT_SANDBOXING = NO;
				FRAMEWORK_SEARCH_PATHS = (
					"$(inherited)",
					"\"GuestBroadcast/VendorSDK\"",
				);
				GENERATE_INFOPLIST_FILE = NO;
				INFOPLIST_FILE = RockNRoll/Info.plist;
				JOIN_LINK_HOST = "";
				LD_RUNPATH_SEARCH_PATHS = (
					"$(inherited)",
					"@executable_path/Frameworks",
				);
				PRODUCT_BUNDLE_IDENTIFIER = dev.vsmirn0v.conferenceguest;
				SDKROOT = iphoneos;
				SWIFT_VERSION = 5.0;
				TARGETED_DEVICE_FAMILY = "1,2";
			};
			name = Debug;
		};
		FB6313F9609A17623CD67A29 /* Release */ = {
			isa = XCBuildConfiguration;
			buildSettings = {
				APPLICATION_EXTENSION_API_ONLY = YES;
				CODE_SIGN_ENTITLEMENTS = GuestBroadcast/Extension.entitlements;
				CODE_SIGN_STYLE = Automatic;
				DEVELOPMENT_TEAM = 5V64BP2H3P;
				FRAMEWORK_SEARCH_PATHS = (
					"$(inherited)",
					"\"GuestBroadcast/VendorSDK\"",
				);
				GENERATE_INFOPLIST_FILE = NO;
				INFOPLIST_FILE = GuestBroadcast/Info.plist;
				LD_RUNPATH_SEARCH_PATHS = (
					"$(inherited)",
					"@executable_path/Frameworks",
					"@executable_path/../../Frameworks",
				);
				PRODUCT_BUNDLE_IDENTIFIER = dev.vsmirn0v.conferenceguest.guestbroadcast;
				SDKROOT = iphoneos;
				SWIFT_VERSION = 5.0;
				TARGETED_DEVICE_FAMILY = "1,2";
			};
			name = Release;
		};
/* End XCBuildConfiguration section */

/* Begin XCConfigurationList section */
		17DE781B5780877A8C183610 /* Build configuration list for PBXProject "RockNRoll" */ = {
			isa = XCConfigurationList;
			buildConfigurations = (
				C9EF7BE7F46BBE2A72A0A32B /* Debug */,
				5CA0A3E6510ED87529FDE1C0 /* Release */,
			);
			defaultConfigurationIsVisible = 0;
			defaultConfigurationName = Debug;
		};
		23E1298FAA7D05492E63688A /* Build configuration list for PBXNativeTarget "RockNRoll" */ = {
			isa = XCConfigurationList;
			buildConfigurations = (
				E28C2AF7C9D9AC73351ADD88 /* Debug */,
				DDC1EF8D8BA9023F02A8B72F /* Release */,
			);
			defaultConfigurationIsVisible = 0;
			defaultConfigurationName = Debug;
		};
		735B092B2093F4BA8F8AC916 /* Build configuration list for PBXNativeTarget "GuestBroadcast" */ = {
			isa = XCConfigurationList;
			buildConfigurations = (
				822AFBF84E209AD9E2455BF7 /* Debug */,
				FB6313F9609A17623CD67A29 /* Release */,
			);
			defaultConfigurationIsVisible = 0;
			defaultConfigurationName = Debug;
		};
		898A4910B5D8AB22AF73887F /* Build configuration list for PBXNativeTarget "RockNRollUITests" */ = {
			isa = XCConfigurationList;
			buildConfigurations = (
				2D96FA96EC1F1FC1646EBABE /* Debug */,
				9B245D10B08D366E4560B034 /* Release */,
			);
			defaultConfigurationIsVisible = 0;
			defaultConfigurationName = Debug;
		};
		B38D77836BAA5B67B8A646DF /* Build configuration list for PBXNativeTarget "RockBroadcast" */ = {
			isa = XCConfigurationList;
			buildConfigurations = (
				D59824D1710166FC50947E57 /* Debug */,
				BBD6E088F46B45D82F665871 /* Release */,
			);
			defaultConfigurationIsVisible = 0;
			defaultConfigurationName = Debug;
		};
		B5CE3D3A56E2777B11A62037 /* Build configuration list for PBXNativeTarget "RockNRollTests" */ = {
			isa = XCConfigurationList;
			buildConfigurations = (
				19A9983C58EA5D9DD69F814A /* Debug */,
				3498D537EFD4DA5BFD9A1B01 /* Release */,
			);
			defaultConfigurationIsVisible = 0;
			defaultConfigurationName = Debug;
		};
/* End XCConfigurationList section */

/* Begin XCLocalSwiftPackageReference section */
		A1978F2AD8396DBE4B0BF1C1 /* XCLocalSwiftPackageReference "ConferenceCore" */ = {
			isa = XCLocalSwiftPackageReference;
			relativePath = ConferenceCore;
		};
/* End XCLocalSwiftPackageReference section */

/* Begin XCRemoteSwiftPackageReference section */
		36607511BEEFA22968AB3E84 /* XCRemoteSwiftPackageReference "client-sdk-swift" */ = {
			isa = XCRemoteSwiftPackageReference;
			repositoryURL = "https://github.com/livekit/client-sdk-swift.git";
			requirement = {
				kind = revision;
				revision = 57a84d71c33e97349963c1cbd442fb4b01428b7c;
			};
		};
		F9F8D192EC109A45CD86AF9F /* XCRemoteSwiftPackageReference "jazz-ios-sdk" */ = {
			isa = XCRemoteSwiftPackageReference;
			repositoryURL = "https://github.com/salute-developers/jazz-ios-sdk.git";
			requirement = {
				kind = revision;
				revision = 6d5f92869690fa22bb489a9089aa554d733c6936;
			};
		};
/* End XCRemoteSwiftPackageReference section */

/* Begin XCSwiftPackageProductDependency section */
		023105828817798EB4DA9C73 /* ConferenceCore */ = {
			isa = XCSwiftPackageProductDependency;
			productName = ConferenceCore;
		};
		0B3F91314298394121DA8F1D /* JazzSDK */ = {
			isa = XCSwiftPackageProductDependency;
			package = F9F8D192EC109A45CD86AF9F /* XCRemoteSwiftPackageReference "jazz-ios-sdk" */;
			productName = JazzSDK;
		};
		19B3E6CDE87195F16EC34103 /* JazzSDK */ = {
			isa = XCSwiftPackageProductDependency;
			package = F9F8D192EC109A45CD86AF9F /* XCRemoteSwiftPackageReference "jazz-ios-sdk" */;
			productName = JazzSDK;
		};
		57D559C6B683E448E9EF28F5 /* JazzSDK */ = {
			isa = XCSwiftPackageProductDependency;
			package = F9F8D192EC109A45CD86AF9F /* XCRemoteSwiftPackageReference "jazz-ios-sdk" */;
			productName = JazzSDK;
		};
		72993603D3AE089A79E5B15E /* LiveKit */ = {
			isa = XCSwiftPackageProductDependency;
			package = 36607511BEEFA22968AB3E84 /* XCRemoteSwiftPackageReference "client-sdk-swift" */;
			productName = LiveKit;
		};
		AB6F15C1E25726E56A54D099 /* LiveKit */ = {
			isa = XCSwiftPackageProductDependency;
			package = 36607511BEEFA22968AB3E84 /* XCRemoteSwiftPackageReference "client-sdk-swift" */;
			productName = LiveKit;
		};
/* End XCSwiftPackageProductDependency section */
	};
	rootObject = B0B80D54AB9B634D320FE51D /* Project object */;
}
